// !$*UTF8*$!
{
	archiveVersion = 1;
	classes = {
	};
	objectVersion = 50;
	objects = {

/* Begin PBXBuildFile section */
		ACF4EFA322FB7402000A51E7 /* AppDelegate.swift in Sources */ = {isa = PBXBuildFile; fileRef = ACF4EFA222FB7402000A51E7 /* AppDelegate.swift */; };
		ACF4EFA522FB7402000A51E7 /* GameScene.sks in Resources */ = {isa = PBXBuildFile; fileRef = ACF4EFA422FB7402000A51E7 /* GameScene.sks */; };
		ACF4EFA922FB7402000A51E7 /* GameScene.swift in Sources */ = {isa = PBXBuildFile; fileRef = ACF4EFA822FB7402000A51E7 /* GameScene.swift */; };
		ACF4EFAB22FB7402000A51E7 /* GameViewController.swift in Sources */ = {isa = PBXBuildFile; fileRef = ACF4EFAA22FB7402000A51E7 /* GameViewController.swift */; };
		ACF4EFAE22FB7402000A51E7 /* Main.storyboard in Resources */ = {isa = PBXBuildFile; fileRef = ACF4EFAC22FB7402000A51E7 /* Main.storyboard */; };
		ACF4EFB022FB7403000A51E7 /* Assets.xcassets in Resources */ = {isa = PBXBuildFile; fileRef = ACF4EFAF22FB7403000A51E7 /* Assets.xcassets */; };
		ACF4EFB322FB7403000A51E7 /* LaunchScreen.storyboard in Resources */ = {isa = PBXBuildFile; fileRef = ACF4EFB122FB7403000A51E7 /* LaunchScreen.storyboard */; };
		ACF4EFC222FB746B000A51E7 /* finish@2x.png in Resources */ = {isa = PBXBuildFile; fileRef = ACF4EFBB22FB746B000A51E7 /* finish@2x.png */; };
		ACF4EFC322FB746B000A51E7 /* level1.txt in Resources */ = {isa = PBXBuildFile; fileRef = ACF4EFBC22FB746B000A51E7 /* level1.txt */; };
		ACF4EFC422FB746B000A51E7 /* star@2x.png in Resources */ = {isa = PBXBuildFile; fileRef = ACF4EFBD22FB746B000A51E7 /* star@2x.png */; };
		ACF4EFC522FB746B000A51E7 /* player@2x.png in Resources */ = {isa = PBXBuildFile; fileRef = ACF4EFBE22FB746B000A51E7 /* player@2x.png */; };
		ACF4EFC622FB746B000A51E7 /* block@2x.png in Resources */ = {isa = PBXBuildFile; fileRef = ACF4EFBF22FB746B000A51E7 /* block@2x.png */; };
		ACF4EFC722FB746B000A51E7 /* vortex@2x.png in Resources */ = {isa = PBXBuildFile; fileRef = ACF4EFC022FB746B000A51E7 /* vortex@2x.png */; };
		ACF4EFC822FB746B000A51E7 /* background@2x.jpg in Resources */ = {isa = PBXBuildFile; fileRef = ACF4EFC122FB746B000A51E7 /* background@2x.jpg */; };
/* End PBXBuildFile section */

/* Begin PBXFileReference section */
		ACF4EF9F22FB7402000A51E7 /* Marble Maze.app */ = {isa = PBXFileReference; explicitFileType = wrapper.application; includeInIndex = 0; path = "Marble Maze.app"; sourceTree = BUILT_PRODUCTS_DIR; };
		ACF4EFA222FB7402000A51E7 /* AppDelegate.swift */ = {isa = PBXFileReference; lastKnownFileType = sourcecode.swift; path = AppDelegate.swift; sourceTree = "<group>"; };
		ACF4EFA422FB7402000A51E7 /* GameScene.sks */ = {isa = PBXFileReference; lastKnownFileType = file.sks; path = GameScene.sks; sourceTree = "<group>"; };
		ACF4EFA822FB7402000A51E7 /* GameScene.swift */ = {isa = PBXFileReference; lastKnownFileType = sourcecode.swift; path = GameScene.swift; sourceTree = "<group>"; };
		ACF4EFAA22FB7402000A51E7 /* GameViewController.swift */ = {isa = PBXFileReference; lastKnownFileType = sourcecode.swift; path = GameViewController.swift; sourceTree = "<group>"; };
		ACF4EFAD22FB7402000A51E7 /* Base */ = {isa = PBXFileReference; lastKnownFileType = file.storyboard; name = Base; path = Base.lproj/Main.storyboard; sourceTree = "<group>"; };
		ACF4EFAF22FB7403000A51E7 /* Assets.xcassets */ = {isa = PBXFileReference; lastKnownFileType = folder.assetcatalog; path = Assets.xcassets; sourceTree = "<group>"; };
		ACF4EFB222FB7403000A51E7 /* Base */ = {isa = PBXFileReference; lastKnownFileType = file.storyboard; name = Base; path = Base.lproj/LaunchScreen.storyboard; sourceTree = "<group>"; };
		ACF4EFB422FB7403000A51E7 /* Info.plist */ = {isa = PBXFileReference; lastKnownFileType = text.plist.xml; path = Info.plist; sourceTree = "<group>"; };
		ACF4EFBB22FB746B000A51E7 /* finish@2x.png */ = {isa = PBXFileReference; lastKnownFileType = image.png; path = "finish@2x.png"; sourceTree = "<group>"; };
		ACF4EFBC22FB746B000A51E7 /* level1.txt */ = {isa = PBXFileReference; fileEncoding = 4; lastKnownFileType = text; path = level1.txt; sourceTree = "<group>"; };
		ACF4EFBD22FB746B000A51E7 /* star@2x.png */ = {isa = PBXFileReference; lastKnownFileType = image.png; path = "star@2x.png"; sourceTree = "<group>"; };
		ACF4EFBE22FB746B000A51E7 /* player@2x.png */ = {isa = PBXFileReference; lastKnownFileType = image.png; path = "player@2x.png"; sourceTree = "<group>"; };
		ACF4EFBF22FB746B000A51E7 /* block@2x.png */ = {isa = PBXFileReference; lastKnownFileType = image.png; path = "block@2x.png"; sourceTree = "<group>"; };
		ACF4EFC022FB746B000A51E7 /* vortex@2x.png */ = {isa = PBXFileReference; lastKnownFileType = image.png; path = "vortex@2x.png"; sourceTree = "<group>"; };
		ACF4EFC122FB746B000A51E7 /* background@2x.jpg */ = {isa = PBXFileReference; lastKnownFileType = image.jpeg; path = "background@2x.jpg"; sourceTree = "<group>"; };
/* End PBXFileReference section */

/* Begin PBXFrameworksBuildPhase section */
		ACF4EF9C22FB7402000A51E7 /* Frameworks */ = {
			isa = PBXFrameworksBuildPhase;
			buildActionMask = 2147483647;
			files = (
			);
			runOnlyForDeploymentPostprocessing = 0;
		};
/* End PBXFrameworksBuildPhase section */

/* Begin PBXGroup section */
		ACF4EF9622FB7402000A51E7 = {
			isa = PBXGroup;
			children = (
				ACF4EFA122FB7402000A51E7 /* Marble Maze */,
				ACF4EFA022FB7402000A51E7 /* Products */,
			);
			sourceTree = "<group>";
		};
		ACF4EFA022FB7402000A51E7 /* Products */ = {
			isa = PBXGroup;
			children = (
				ACF4EF9F22FB7402000A51E7 /* Marble Maze.app */,
			);
			name = Products;
			sourceTree = "<group>";
		};
		ACF4EFA122FB7402000A51E7 /* Marble Maze */ = {
			isa = PBXGroup;
			children = (
				ACF4EFA222FB7402000A51E7 /* AppDelegate.swift */,
				ACF4EFA422FB7402000A51E7 /* GameScene.sks */,
				ACF4EFA822FB7402000A51E7 /* GameScene.swift */,
				ACF4EFAA22FB7402000A51E7 /* GameViewController.swift */,
				ACF4EFAC22FB7402000A51E7 /* Main.storyboard */,
				ACF4EFAF22FB7403000A51E7 /* Assets.xcassets */,
				ACF4EFBA22FB746B000A51E7 /* Content */,
				ACF4EFB122FB7403000A51E7 /* LaunchScreen.storyboard */,
				ACF4EFB422FB7403000A51E7 /* Info.plist */,
			);
			path = "Marble Maze";
			sourceTree = "<group>";
		};
		ACF4EFBA22FB746B000A51E7 /* Content */ = {
			isa = PBXGroup;
			children = (
				ACF4EFBB22FB746B000A51E7 /* finish@2x.png */,
				ACF4EFBC22FB746B000A51E7 /* level1.txt */,
				ACF4EFBD22FB746B000A51E7 /* star@2x.png */,
				ACF4EFBE22FB746B000A51E7 /* player@2x.png */,
				ACF4EFBF22FB746B000A51E7 /* block@2x.png */,
				ACF4EFC022FB746B000A51E7 /* vortex@2x.png */,
				ACF4EFC122FB746B000A51E7 /* background@2x.jpg */,
			);
			path = Content;
			sourceTree = "<group>";
		};
/* End PBXGroup section */

/* Begin PBXNativeTarget section */
		ACF4EF9E22FB7402000A51E7 /* Marble Maze */ = {
			isa = PBXNativeTarget;
			buildConfigurationList = ACF4EFB722FB7403000A51E7 /* Build configuration list for PBXNativeTarget "Marble Maze" */;
			buildPhases = (
				ACF4EF9B22FB7402000A51E7 /* Sources */,
				ACF4EF9C22FB7402000A51E7 /* Frameworks */,
				ACF4EF9D22FB7402000A51E7 /* Resources */,
			);
			buildRules = (
			);
			dependencies = (
			);
			name = "Marble Maze";
			productName = "Marble Maze";
			productReference = ACF4EF9F22FB7402000A51E7 /* Marble Maze.app */;
			productType = "com.apple.product-type.application";
		};
/* End PBXNativeTarget section */

/* Begin PBXProject section */
		ACF4EF9722FB7402000A51E7 /* Project object */ = {
			isa = PBXProject;
			attributes = {
				LastSwiftUpdateCheck = 1020;
				LastUpgradeCheck = 1020;
				ORGANIZATIONNAME = "Stefan Blos";
				TargetAttributes = {
					ACF4EF9E22FB7402000A51E7 = {
						CreatedOnToolsVersion = 10.2.1;
					};
				};
			};
			buildConfigurationList = ACF4EF9A22FB7402000A51E7 /* Build configuration list for PBXProject "Marble Maze" */;
			compatibilityVersion = "Xcode 9.3";
			developmentRegion = en;
			hasScannedForEncodings = 0;
			knownRegions = (
				en,
				Base,
			);
			mainGroup = ACF4EF9622FB7402000A51E7;
			productRefGroup = ACF4EFA022FB7402000A51E7 /* Products */;
			projectDirPath = "";
			projectRoot = "";
			targets = (
				ACF4EF9E22FB7402000A51E7 /* Marble Maze */,
			);
		};
/* End PBXProject section */

/* Begin PBXResourcesBuildPhase section */
		ACF4EF9D22FB7402000A51E7 /* Resources */ = {
			isa = PBXResourcesBuildPhase;
			buildActionMask = 2147483647;
			files = (
				ACF4EFAE22FB7402000A51E7 /* Main.storyboard in Resources */,
				ACF4EFC822FB746B000A51E7 /* background@2x.jpg in Resources */,
				ACF4EFC622FB746B000A51E7 /* block@2x.png in Resources */,
				ACF4EFA522FB7402000A51E7 /* GameScene.sks in Resources */,
				ACF4EFC422FB746B000A51E7 /* star@2x.png in Resources */,
				ACF4EFC722FB746B000A51E7 /* vortex@2x.png in Resources */,
				ACF4EFC222FB746B000A51E7 /* finish@2x.png in Resources */,
				ACF4EFC322FB746B000A51E7 /* level1.txt in Resources */,
				ACF4EFB022FB7403000A51E7 /* Assets.xcassets in Resources */,
				ACF4EFB322FB7403000A51E7 /* LaunchScreen.storyboard in Resources */,
				ACF4EFC522FB746B000A51E7 /* player@2x.png in Resources */,
			);
			runOnlyForDeploymentPostprocessing = 0;
		};
/* End PBXResourcesBuildPhase section */

/* Begin PBXSourcesBuildPhase section */
		ACF4EF9B22FB7402000A51E7 /* Sources */ = {
			isa = PBXSourcesBuildPhase;
			buildActionMask = 2147483647;
			files = (
				ACF4EFA922FB7402000A51E7 /* GameScene.swift in Sources */,
				ACF4EFAB22FB7402000A51E7 /* GameViewController.swift in Sources */,
				ACF4EFA322FB7402000A51E7 /* AppDelegate.swift in Sources */,
			);
			runOnlyForDeploymentPostprocessing = 0;
		};
/* End PBXSourcesBuildPhase section */

/* Begin PBXVariantGroup section */
		ACF4EFAC22FB7402000A51E7 /* Main.storyboard */ = {
			isa = PBXVariantGroup;
			children = (
				ACF4EFAD22FB7402000A51E7 /* Base */,
			);
			name = Main.storyboard;
			sourceTree = "<group>";
		};
		ACF4EFB122FB7403000A51E7 /* LaunchScreen.storyboard */ = {
			isa = PBXVariantGroup;
			children = (
				ACF4EFB222FB7403000A51E7 /* Base */,
			);
			name = LaunchScreen.storyboard;
			sourceTree = "<group>";
		};
/* End PBXVariantGroup section */

/* Begin XCBuildConfiguration section */
		ACF4EFB522FB7403000A51E7 /* Debug */ = {
			isa = XCBuildConfiguration;
			buildSettings = {
				ALWAYS_SEARCH_USER_PATHS = NO;
				CLANG_ANALYZER_NONNULL = YES;
				CLANG_ANALYZER_NUMBER_OBJECT_CONVERSION = YES_AGGRESSIVE;
				CLANG_CXX_LANGUAGE_STANDARD = "gnu++14";
				CLANG_CXX_LIBRARY = "libc++";
				CLANG_ENABLE_MODULES = YES;
				CLANG_ENABLE_OBJC_ARC = YES;
				CLANG_ENABLE_OBJC_WEAK = YES;
				CLANG_WARN_BLOCK_CAPTURE_AUTORELEASING = YES;
				CLANG_WARN_BOOL_CONVERSION = YES;
				CLANG_WARN_COMMA = YES;
				CLANG_WARN_CONSTANT_CONVERSION = YES;
				CLANG_WARN_DEPRECATED_OBJC_IMPLEMENTATIONS = YES;
				CLANG_WARN_DIRECT_OBJC_ISA_USAGE = YES_ERROR;
				CLANG_WARN_DOCUMENTATION_COMMENTS = YES;
				CLANG_WARN_EMPTY_BODY = YES;
				CLANG_WARN_ENUM_CONVERSION = YES;
				CLANG_WARN_INFINITE_RECURSION = YES;
				CLANG_WARN_INT_CONVERSION = YES;
				CLANG_WARN_NON_LITERAL_NULL_CONVERSION = YES;
				CLANG_WARN_OBJC_IMPLICIT_RETAIN_SELF = YES;
				CLANG_WARN_OBJC_LITERAL_CONVERSION = YES;
				CLANG_WARN_OBJC_ROOT_CLASS = YES_ERROR;
				CLANG_WARN_RANGE_LOOP_ANALYSIS = YES;
				CLANG_WARN_STRICT_PROTOTYPES = YES;
				CLANG_WARN_SUSPICIOUS_MOVE = YES;
				CLANG_WARN_UNGUARDED_AVAILABILITY = YES_AGGRESSIVE;
				CLANG_WARN_UNREACHABLE_CODE = YES;
				CLANG_WARN__DUPLICATE_METHOD_MATCH = YES;
				CODE_SIGN_IDENTITY = "iPhone Developer";
				COPY_PHASE_STRIP = NO;
				DEBUG_INFORMATION_FORMAT = dwarf;
				ENABLE_STRICT_OBJC_MSGSEND = YES;
				ENABLE_TESTABILITY = YES;
				GCC_C_LANGUAGE_STANDARD = gnu11;
				GCC_DYNAMIC_NO_PIC = NO;
				GCC_NO_COMMON_BLOCKS = YES;
				GCC_OPTIMIZATION_LEVEL = 0;
				GCC_PREPROCESSOR_DEFINITIONS = (
					"DEBUG=1",
					"$(inherited)",
				);
				GCC_WARN_64_TO_32_BIT_CONVERSION = YES;
				GCC_WARN_ABOUT_RETURN_TYPE = YES_ERROR;
				GCC_WARN_UNDECLARED_SELECTOR = YES;
				GCC_WARN_UNINITIALIZED_AUTOS = YES_AGGRESSIVE;
				GCC_WARN_UNUSED_FUNCTION = YES;
				GCC_WARN_UNUSED_VARIABLE = YES;
				IPHONEOS_DEPLOYMENT_TARGET = 12.2;
				MTL_ENABLE_DEBUG_INFO = INCLUDE_SOURCE;
				MTL_FAST_MATH = YES;
				ONLY_ACTIVE_ARCH = YES;
				SDKROOT = iphoneos;
				SWIFT_ACTIVE_COMPILATION_CONDITIONS = DEBUG;
				SWIFT_OPTIMIZATION_LEVEL = "-Onone";
			};
			name = Debug;
		};
		ACF4EFB622FB7403000A51E7 /* Release */ = {
			isa = XCBuildConfiguration;
			buildSettings = {
				ALWAYS_SEARCH_USER_PATHS = NO;
				CLANG_ANALYZER_NONNULL = YES;
				CLANG_ANALYZER_NUMBER_OBJECT_CONVERSION = YES_AGGRESSIVE;
				CLANG_CXX_LANGUAGE_STANDARD = "gnu++14";
				CLANG_CXX_LIBRARY = "libc++";
				CLANG_ENABLE_MODULES = YES;
				CLANG_ENABLE_OBJC_ARC = YES;
				CLANG_ENABLE_OBJC_WEAK = YES;
				CLANG_WARN_BLOCK_CAPTURE_AUTORELEASING = YES;
				CLANG_WARN_BOOL_CONVERSION = YES;
				CLANG_WARN_COMMA = YES;
				CLANG_WARN_CONSTANT_CONVERSION = YES;
				CLANG_WARN_DEPRECATED_OBJC_IMPLEMENTATIONS = YES;
				CLANG_WARN_DIRECT_OBJC_ISA_USAGE = YES_ERROR;
				CLANG_WARN_DOCUMENTATION_COMMENTS = YES;
				CLANG_WARN_EMPTY_BODY = YES;
				CLANG_WARN_ENUM_CONVERSION = YES;
				CLANG_WARN_INFINITE_RECURSION = YES;
				CLANG_WARN_INT_CONVERSION = YES;
				CLANG_WARN_NON_LITERAL_NULL_CONVERSION = YES;
				CLANG_WARN_OBJC_IMPLICIT_RETAIN_SELF = YES;
				CLANG_WARN_OBJC_LITERAL_CONVERSION = YES;
				CLANG_WARN_OBJC_ROOT_CLASS = YES_ERROR;
				CLANG_WARN_RANGE_LOOP_ANALYSIS = YES;
				CLANG_WARN_STRICT_PROTOTYPES = YES;
				CLANG_WARN_SUSPICIOUS_MOVE = YES;
				CLANG_WARN_UNGUARDED_AVAILABILITY = YES_AGGRESSIVE;
				CLANG_WARN_UNREACHABLE_CODE = YES;
				CLANG_WARN__DUPLICATE_METHOD_MATCH = YES;
				CODE_SIGN_IDENTITY = "iPhone Developer";
				COPY_PHASE_STRIP = NO;
				DEBUG_INFORMATION_FORMAT = "dwarf-with-dsym";
				ENABLE_NS_ASSERTIONS = NO;
				ENABLE_STRICT_OBJC_MSGSEND = YES;
				GCC_C_LANGUAGE_STANDARD = gnu11;
				GCC_NO_COMMON_BLOCKS = YES;
				GCC_WARN_64_TO_32_BIT_CONVERSION = YES;
				GCC_WARN_ABOUT_RETURN_TYPE = YES_ERROR;
				GCC_WARN_UNDECLARED_SELECTOR = YES;
				GCC_WARN_UNINITIALIZED_AUTOS = YES_AGGRESSIVE;
				GCC_WARN_UNUSED_FUNCTION = YES;
				GCC_WARN_UNUSED_VARIABLE = YES;
				IPHONEOS_DEPLOYMENT_TARGET = 12.2;
				MTL_ENABLE_DEBUG_INFO = NO;
				MTL_FAST_MATH = YES;
				SDKROOT = iphoneos;
				SWIFT_COMPILATION_MODE = wholemodule;
				SWIFT_OPTIMIZATION_LEVEL = "-O";
				VALIDATE_PRODUCT = YES;
			};
			name = Release;
		};
		ACF4EFB822FB7403000A51E7 /* Debug */ = {
			isa = XCBuildConfiguration;
			buildSettings = {
				ASSETCATALOG_COMPILER_APPICON_NAME = AppIcon;
				CODE_SIGN_STYLE = Automatic;
				DEVELOPMENT_TEAM = JY49624W8T;
				INFOPLIST_FILE = "Marble Maze/Info.plist";
				LD_RUNPATH_SEARCH_PATHS = (
					"$(inherited)",
					"@executable_path/Frameworks",
				);
				PRODUCT_BUNDLE_IDENTIFIER = "com.stefanblos.Marble-Maze";
				PRODUCT_NAME = "$(TARGET_NAME)";
				SWIFT_VERSION = 5.0;
				TARGETED_DEVICE_FAMILY = "1,2";
			};
			name = Debug;
		};
		ACF4EFB922FB7403000A51E7 /* Release */ = {
			isa = XCBuildConfiguration;
			buildSettings = {
				ASSETCATALOG_COMPILER_APPICON_NAME = AppIcon;
				CODE_SIGN_STYLE = Automatic;
				DEVELOPMENT_TEAM = JY49624W8T;
				INFOPLIST_FILE = "Marble Maze/Info.plist";
				LD_RUNPATH_SEARCH_PATHS = (
					"$(inherited)",
					"@executable_path/Frameworks",
				);
				PRODUCT_BUNDLE_IDENTIFIER = "com.stefanblos.Marble-Maze";
				PRODUCT_NAME = "$(TARGET_NAME)";
				SWIFT_VERSION = 5.0;
				TARGETED_DEVICE_FAMILY = "1,2";
			};
			name = Release;
		};
/* End XCBuildConfiguration section */

/* Begin XCConfigurationList section */
		ACF4EF9A22FB7402000A51E7 /* Build configuration list for PBXProject "Marble Maze" */ = {
			isa = XCConfigurationList;
			buildConfigurations = (
				ACF4EFB522FB7403000A51E7 /* Debug */,
				ACF4EFB622FB7403000A51E7 /* Release */,
			);
			defaultConfigurationIsVisible = 0;
			defaultConfigurationName = Release;
		};
		ACF4EFB722FB7403000A51E7 /* Build configuration list for PBXNativeTarget "Marble Maze" */ = {
			isa = XCConfigurationList;
			buildConfigurations = (
				ACF4EFB822FB7403000A51E7 /* Debug */,
				ACF4EFB922FB7403000A51E7 /* Release */,
			);
			defaultConfigurationIsVisible = 0;
			defaultConfigurationName = Release;
		};
/* End XCConfigurationList section */
	};
	rootObject = ACF4EF9722FB7402000A51E7 /* Project object */;
}
