// !$*UTF8*$!
{
	archiveVersion = 1;
	classes = {
	};
	objectVersion = 50;
	objects = {

/* Begin PBXBuildFile section */
		ACFFCB10227EFA1000D6D7D1 /* AppDelegate.swift in Sources */ = {isa = PBXBuildFile; fileRef = ACFFCB0F227EFA1000D6D7D1 /* AppDelegate.swift */; };
		ACFFCB12227EFA1000D6D7D1 /* ViewController.swift in Sources */ = {isa = PBXBuildFile; fileRef = ACFFCB11227EFA1000D6D7D1 /* ViewController.swift */; };
		ACFFCB15227EFA1000D6D7D1 /* Main.storyboard in Resources */ = {isa = PBXBuildFile; fileRef = ACFFCB13227EFA1000D6D7D1 /* Main.storyboard */; };
		ACFFCB17227EFA1200D6D7D1 /* Assets.xcassets in Resources */ = {isa = PBXBuildFile; fileRef = ACFFCB16227EFA1200D6D7D1 /* Assets.xcassets */; };
		ACFFCB1A227EFA1200D6D7D1 /* LaunchScreen.storyboard in Resources */ = {isa = PBXBuildFile; fileRef = ACFFCB18227EFA1200D6D7D1 /* LaunchScreen.storyboard */; };
		ACFFCB22227EFE0600D6D7D1 /* CapturedImage.swift in Sources */ = {isa = PBXBuildFile; fileRef = ACFFCB21227EFE0600D6D7D1 /* CapturedImage.swift */; };
		ACFFCB24227F038700D6D7D1 /* CapturedImageCell.swift in Sources */ = {isa = PBXBuildFile; fileRef = ACFFCB23227F038700D6D7D1 /* CapturedImageCell.swift */; };
		ACFFCB26227F60D500D6D7D1 /* DetailViewController.swift in Sources */ = {isa = PBXBuildFile; fileRef = ACFFCB25227F60D500D6D7D1 /* DetailViewController.swift */; };
/* End PBXBuildFile section */

/* Begin PBXFileReference section */
		ACFFCB0C227EFA1000D6D7D1 /* Capture Images.app */ = {isa = PBXFileReference; explicitFileType = wrapper.application; includeInIndex = 0; path = "Capture Images.app"; sourceTree = BUILT_PRODUCTS_DIR; };
		ACFFCB0F227EFA1000D6D7D1 /* AppDelegate.swift */ = {isa = PBXFileReference; lastKnownFileType = sourcecode.swift; path = AppDelegate.swift; sourceTree = "<group>"; };
		ACFFCB11227EFA1000D6D7D1 /* ViewController.swift */ = {isa = PBXFileReference; lastKnownFileType = sourcecode.swift; path = ViewController.swift; sourceTree = "<group>"; };
		ACFFCB14227EFA1000D6D7D1 /* Base */ = {isa = PBXFileReference; lastKnownFileType = file.storyboard; name = Base; path = Base.lproj/Main.storyboard; sourceTree = "<group>"; };
		ACFFCB16227EFA1200D6D7D1 /* Assets.xcassets */ = {isa = PBXFileReference; lastKnownFileType = folder.assetcatalog; path = Assets.xcassets; sourceTree = "<group>"; };
		ACFFCB19227EFA1200D6D7D1 /* Base */ = {isa = PBXFileReference; lastKnownFileType = file.storyboard; name = Base; path = Base.lproj/LaunchScreen.storyboard; sourceTree = "<group>"; };
		ACFFCB1B227EFA1200D6D7D1 /* Info.plist */ = {isa = PBXFileReference; lastKnownFileType = text.plist.xml; path = Info.plist; sourceTree = "<group>"; };
		ACFFCB21227EFE0600D6D7D1 /* CapturedImage.swift */ = {isa = PBXFileReference; lastKnownFileType = sourcecode.swift; path = CapturedImage.swift; sourceTree = "<group>"; };
		ACFFCB23227F038700D6D7D1 /* CapturedImageCell.swift */ = {isa = PBXFileReference; lastKnownFileType = sourcecode.swift; path = CapturedImageCell.swift; sourceTree = "<group>"; };
		ACFFCB25227F60D500D6D7D1 /* DetailViewController.swift */ = {isa = PBXFileReference; lastKnownFileType = sourcecode.swift; path = DetailViewController.swift; sourceTree = "<group>"; };
/* End PBXFileReference section */

/* Begin PBXFrameworksBuildPhase section */
		ACFFCB09227EFA1000D6D7D1 /* Frameworks */ = {
			isa = PBXFrameworksBuildPhase;
			buildActionMask = 2147483647;
			files = (
			);
			runOnlyForDeploymentPostprocessing = 0;
		};
/* End PBXFrameworksBuildPhase section */

/* Begin PBXGroup section */
		ACFFCB03227EFA1000D6D7D1 = {
			isa = PBXGroup;
			children = (
				ACFFCB0E227EFA1000D6D7D1 /* Capture Images */,
				ACFFCB0D227EFA1000D6D7D1 /* Products */,
			);
			sourceTree = "<group>";
		};
		ACFFCB0D227EFA1000D6D7D1 /* Products */ = {
			isa = PBXGroup;
			children = (
				ACFFCB0C227EFA1000D6D7D1 /* Capture Images.app */,
			);
			name = Products;
			sourceTree = "<group>";
		};
		ACFFCB0E227EFA1000D6D7D1 /* Capture Images */ = {
			isa = PBXGroup;
			children = (
				ACFFCB0F227EFA1000D6D7D1 /* AppDelegate.swift */,
				ACFFCB11227EFA1000D6D7D1 /* ViewController.swift */,
				ACFFCB25227F60D500D6D7D1 /* DetailViewController.swift */,
				ACFFCB13227EFA1000D6D7D1 /* Main.storyboard */,
				ACFFCB16227EFA1200D6D7D1 /* Assets.xcassets */,
				ACFFCB18227EFA1200D6D7D1 /* LaunchScreen.storyboard */,
				ACFFCB1B227EFA1200D6D7D1 /* Info.plist */,
				ACFFCB21227EFE0600D6D7D1 /* CapturedImage.swift */,
				ACFFCB23227F038700D6D7D1 /* CapturedImageCell.swift */,
			);
			path = "Capture Images";
			sourceTree = "<group>";
		};
/* End PBXGroup section */

/* Begin PBXNativeTarget section */
		ACFFCB0B227EFA1000D6D7D1 /* Capture Images */ = {
			isa = PBXNativeTarget;
			buildConfigurationList = ACFFCB1E227EFA1200D6D7D1 /* Build configuration list for PBXNativeTarget "Capture Images" */;
			buildPhases = (
				ACFFCB08227EFA1000D6D7D1 /* Sources */,
				ACFFCB09227EFA1000D6D7D1 /* Frameworks */,
				ACFFCB0A227EFA1000D6D7D1 /* Resources */,
			);
			buildRules = (
			);
			dependencies = (
			);
			name = "Capture Images";
			productName = "Capture Images";
			productReference = ACFFCB0C227EFA1000D6D7D1 /* Capture Images.app */;
			productType = "com.apple.product-type.application";
		};
/* End PBXNativeTarget section */

/* Begin PBXProject section */
		ACFFCB04227EFA1000D6D7D1 /* Project object */ = {
			isa = PBXProject;
			attributes = {
				LastSwiftUpdateCheck = 1020;
				LastUpgradeCheck = 1020;
				ORGANIZATIONNAME = "Stefan Blos";
				TargetAttributes = {
					ACFFCB0B227EFA1000D6D7D1 = {
						CreatedOnToolsVersion = 10.2.1;
					};
				};
			};
			buildConfigurationList = ACFFCB07227EFA1000D6D7D1 /* Build configuration list for PBXProject "Capture Images" */;
			compatibilityVersion = "Xcode 9.3";
			developmentRegion = en;
			hasScannedForEncodings = 0;
			knownRegions = (
				en,
				Base,
			);
			mainGroup = ACFFCB03227EFA1000D6D7D1;
			productRefGroup = ACFFCB0D227EFA1000D6D7D1 /* Products */;
			projectDirPath = "";
			projectRoot = "";
			targets = (
				ACFFCB0B227EFA1000D6D7D1 /* Capture Images */,
			);
		};
/* End PBXProject section */

/* Begin PBXResourcesBuildPhase section */
		ACFFCB0A227EFA1000D6D7D1 /* Resources */ = {
			isa = PBXResourcesBuildPhase;
			buildActionMask = 2147483647;
			files = (
				ACFFCB1A227EFA1200D6D7D1 /* LaunchScreen.storyboard in Resources */,
				ACFFCB17227EFA1200D6D7D1 /* Assets.xcassets in Resources */,
				ACFFCB15227EFA1000D6D7D1 /* Main.storyboard in Resources */,
			);
			runOnlyForDeploymentPostprocessing = 0;
		};
/* End PBXResourcesBuildPhase section */

/* Begin PBXSourcesBuildPhase section */
		ACFFCB08227EFA1000D6D7D1 /* Sources */ = {
			isa = PBXSourcesBuildPhase;
			buildActionMask = 2147483647;
			files = (
				ACFFCB12227EFA1000D6D7D1 /* ViewController.swift in Sources */,
				ACFFCB24227F038700D6D7D1 /* CapturedImageCell.swift in Sources */,
				ACFFCB26227F60D500D6D7D1 /* DetailViewController.swift in Sources */,
				ACFFCB22227EFE0600D6D7D1 /* CapturedImage.swift in Sources */,
				ACFFCB10227EFA1000D6D7D1 /* AppDelegate.swift in Sources */,
			);
			runOnlyForDeploymentPostprocessing = 0;
		};
/* End PBXSourcesBuildPhase section */

/* Begin PBXVariantGroup section */
		ACFFCB13227EFA1000D6D7D1 /* Main.storyboard */ = {
			isa = PBXVariantGroup;
			children = (
				ACFFCB14227EFA1000D6D7D1 /* Base */,
			);
			name = Main.storyboard;
			sourceTree = "<group>";
		};
		ACFFCB18227EFA1200D6D7D1 /* LaunchScreen.storyboard */ = {
			isa = PBXVariantGroup;
			children = (
				ACFFCB19227EFA1200D6D7D1 /* Base */,
			);
			name = LaunchScreen.storyboard;
			sourceTree = "<group>";
		};
/* End PBXVariantGroup section */

/* Begin XCBuildConfiguration section */
		ACFFCB1C227EFA1200D6D7D1 /* Debug */ = {
			isa = XCBuildConfiguration;
			buildSettings = {
				ALWAYS_SEARCH_USER_PATHS = NO;
				CLANG_ANALYZER_NONNULL = YES;
				CLANG_ANALYZER_NUMBER_OBJECT_CONVERSION = YES_AGGRESSIVE;
				CLANG_CXX_LANGUAGE_STANDARD = "gnu++14";
				CLANG_CXX_LIBRARY = "libc++";
				CLANG_ENABLE_MODULES = YES;
				CLANG_ENABLE_OBJC_ARC = YES;
				CLANG_ENABLE_OBJC_WEAK = YES;
				CLANG_WARN_BLOCK_CAPTURE_AUTORELEASING = YES;
				CLANG_WARN_BOOL_CONVERSION = YES;
				CLANG_WARN_COMMA = YES;
				CLANG_WARN_CONSTANT_CONVERSION = YES;
				CLANG_WARN_DEPRECATED_OBJC_IMPLEMENTATIONS = YES;
				CLANG_WARN_DIRECT_OBJC_ISA_USAGE = YES_ERROR;
				CLANG_WARN_DOCUMENTATION_COMMENTS = YES;
				CLANG_WARN_EMPTY_BODY = YES;
				CLANG_WARN_ENUM_CONVERSION = YES;
				CLANG_WARN_INFINITE_RECURSION = YES;
				CLANG_WARN_INT_CONVERSION = YES;
				CLANG_WARN_NON_LITERAL_NULL_CONVERSION = YES;
				CLANG_WARN_OBJC_IMPLICIT_RETAIN_SELF = YES;
				CLANG_WARN_OBJC_LITERAL_CONVERSION = YES;
				CLANG_WARN_OBJC_ROOT_CLASS = YES_ERROR;
				CLANG_WARN_RANGE_LOOP_ANALYSIS = YES;
				CLANG_WARN_STRICT_PROTOTYPES = YES;
				CLANG_WARN_SUSPICIOUS_MOVE = YES;
				CLANG_WARN_UNGUARDED_AVAILABILITY = YES_AGGRESSIVE;
				CLANG_WARN_UNREACHABLE_CODE = YES;
				CLANG_WARN__DUPLICATE_METHOD_MATCH = YES;
				CODE_SIGN_IDENTITY = "iPhone Developer";
				COPY_PHASE_STRIP = NO;
				DEBUG_INFORMATION_FORMAT = dwarf;
				ENABLE_STRICT_OBJC_MSGSEND = YES;
				ENABLE_TESTABILITY = YES;
				GCC_C_LANGUAGE_STANDARD = gnu11;
				GCC_DYNAMIC_NO_PIC = NO;
				GCC_NO_COMMON_BLOCKS = YES;
				GCC_OPTIMIZATION_LEVEL = 0;
				GCC_PREPROCESSOR_DEFINITIONS = (
					"DEBUG=1",
					"$(inherited)",
				);
				GCC_WARN_64_TO_32_BIT_CONVERSION = YES;
				GCC_WARN_ABOUT_RETURN_TYPE = YES_ERROR;
				GCC_WARN_UNDECLARED_SELECTOR = YES;
				GCC_WARN_UNINITIALIZED_AUTOS = YES_AGGRESSIVE;
				GCC_WARN_UNUSED_FUNCTION = YES;
				GCC_WARN_UNUSED_VARIABLE = YES;
				IPHONEOS_DEPLOYMENT_TARGET = 12.2;
				MTL_ENABLE_DEBUG_INFO = INCLUDE_SOURCE;
				MTL_FAST_MATH = YES;
				ONLY_ACTIVE_ARCH = YES;
				SDKROOT = iphoneos;
				SWIFT_ACTIVE_COMPILATION_CONDITIONS = DEBUG;
				SWIFT_OPTIMIZATION_LEVEL = "-Onone";
			};
			name = Debug;
		};
		ACFFCB1D227EFA1200D6D7D1 /* Release */ = {
			isa = XCBuildConfiguration;
			buildSettings = {
				ALWAYS_SEARCH_USER_PATHS = NO;
				CLANG_ANALYZER_NONNULL = YES;
				CLANG_ANALYZER_NUMBER_OBJECT_CONVERSION = YES_AGGRESSIVE;
				CLANG_CXX_LANGUAGE_STANDARD = "gnu++14";
				CLANG_CXX_LIBRARY = "libc++";
				CLANG_ENABLE_MODULES = YES;
				CLANG_ENABLE_OBJC_ARC = YES;
				CLANG_ENABLE_OBJC_WEAK = YES;
				CLANG_WARN_BLOCK_CAPTURE_AUTORELEASING = YES;
				CLANG_WARN_BOOL_CONVERSION = YES;
				CLANG_WARN_COMMA = YES;
				CLANG_WARN_CONSTANT_CONVERSION = YES;
				CLANG_WARN_DEPRECATED_OBJC_IMPLEMENTATIONS = YES;
				CLANG_WARN_DIRECT_OBJC_ISA_USAGE = YES_ERROR;
				CLANG_WARN_DOCUMENTATION_COMMENTS = YES;
				CLANG_WARN_EMPTY_BODY = YES;
				CLANG_WARN_ENUM_CONVERSION = YES;
				CLANG_WARN_INFINITE_RECURSION = YES;
				CLANG_WARN_INT_CONVERSION = YES;
				CLANG_WARN_NON_LITERAL_NULL_CONVERSION = YES;
				CLANG_WARN_OBJC_IMPLICIT_RETAIN_SELF = YES;
				CLANG_WARN_OBJC_LITERAL_CONVERSION = YES;
				CLANG_WARN_OBJC_ROOT_CLASS = YES_ERROR;
				CLANG_WARN_RANGE_LOOP_ANALYSIS = YES;
				CLANG_WARN_STRICT_PROTOTYPES = YES;
				CLANG_WARN_SUSPICIOUS_MOVE = YES;
				CLANG_WARN_UNGUARDED_AVAILABILITY = YES_AGGRESSIVE;
				CLANG_WARN_UNREACHABLE_CODE = YES;
				CLANG_WARN__DUPLICATE_METHOD_MATCH = YES;
				CODE_SIGN_IDENTITY = "iPhone Developer";
				COPY_PHASE_STRIP = NO;
				DEBUG_INFORMATION_FORMAT = "dwarf-with-dsym";
				ENABLE_NS_ASSERTIONS = NO;
				ENABLE_STRICT_OBJC_MSGSEND = YES;
				GCC_C_LANGUAGE_STANDARD = gnu11;
				GCC_NO_COMMON_BLOCKS = YES;
				GCC_WARN_64_TO_32_BIT_CONVERSION = YES;
				GCC_WARN_ABOUT_RETURN_TYPE = YES_ERROR;
				GCC_WARN_UNDECLARED_SELECTOR = YES;
				GCC_WARN_UNINITIALIZED_AUTOS = YES_AGGRESSIVE;
				GCC_WARN_UNUSED_FUNCTION = YES;
				GCC_WARN_UNUSED_VARIABLE = YES;
				IPHONEOS_DEPLOYMENT_TARGET = 12.2;
				MTL_ENABLE_DEBUG_INFO = NO;
				MTL_FAST_MATH = YES;
				SDKROOT = iphoneos;
				SWIFT_COMPILATION_MODE = wholemodule;
				SWIFT_OPTIMIZATION_LEVEL = "-O";
				VALIDATE_PRODUCT = YES;
			};
			name = Release;
		};
		ACFFCB1F227EFA1200D6D7D1 /* Debug */ = {
			isa = XCBuildConfiguration;
			buildSettings = {
				ASSETCATALOG_COMPILER_APPICON_NAME = AppIcon;
				CODE_SIGN_STYLE = Automatic;
				DEVELOPMENT_TEAM = JY49624W8T;
				INFOPLIST_FILE = "Capture Images/Info.plist";
				LD_RUNPATH_SEARCH_PATHS = (
					"$(inherited)",
					"@executable_path/Frameworks",
				);
				PRODUCT_BUNDLE_IDENTIFIER = "com.stefanblos.Capture-Images";
				PRODUCT_NAME = "$(TARGET_NAME)";
				SWIFT_VERSION = 5.0;
				TARGETED_DEVICE_FAMILY = "1,2";
			};
			name = Debug;
		};
		ACFFCB20227EFA1200D6D7D1 /* Release */ = {
			isa = XCBuildConfiguration;
			buildSettings = {
				ASSETCATALOG_COMPILER_APPICON_NAME = AppIcon;
				CODE_SIGN_STYLE = Automatic;
				DEVELOPMENT_TEAM = JY49624W8T;
				INFOPLIST_FILE = "Capture Images/Info.plist";
				LD_RUNPATH_SEARCH_PATHS = (
					"$(inherited)",
					"@executable_path/Frameworks",
				);
				PRODUCT_BUNDLE_IDENTIFIER = "com.stefanblos.Capture-Images";
				PRODUCT_NAME = "$(TARGET_NAME)";
				SWIFT_VERSION = 5.0;
				TARGETED_DEVICE_FAMILY = "1,2";
			};
			name = Release;
		};
/* End XCBuildConfiguration section */

/* Begin XCConfigurationList section */
		ACFFCB07227EFA1000D6D7D1 /* Build configuration list for PBXProject "Capture Images" */ = {
			isa = XCConfigurationList;
			buildConfigurations = (
				ACFFCB1C227EFA1200D6D7D1 /* Debug */,
				ACFFCB1D227EFA1200D6D7D1 /* Release */,
			);
			defaultConfigurationIsVisible = 0;
			defaultConfigurationName = Release;
		};
		ACFFCB1E227EFA1200D6D7D1 /* Build configuration list for PBXNativeTarget "Capture Images" */ = {
			isa = XCConfigurationList;
			buildConfigurations = (
				ACFFCB1F227EFA1200D6D7D1 /* Debug */,
				ACFFCB20227EFA1200D6D7D1 /* Release */,
			);
			defaultConfigurationIsVisible = 0;
			defaultConfigurationName = Release;
		};
/* End XCConfigurationList section */
	};
	rootObject = ACFFCB04227EFA1000D6D7D1 /* Project object */;
}
