// !$*UTF8*$!
{
	archiveVersion = 1;
	classes = {
	};
	objectVersion = 50;
	objects = {

/* Begin PBXBuildFile section */
		ACD2F6E82291EB4900BFC597 /* AppDelegate.swift in Sources */ = {isa = PBXBuildFile; fileRef = ACD2F6E72291EB4900BFC597 /* AppDelegate.swift */; };
		ACD2F6EA2291EB4900BFC597 /* GameScene.sks in Resources */ = {isa = PBXBuildFile; fileRef = ACD2F6E92291EB4900BFC597 /* GameScene.sks */; };
		ACD2F6EE2291EB4900BFC597 /* GameScene.swift in Sources */ = {isa = PBXBuildFile; fileRef = ACD2F6ED2291EB4900BFC597 /* GameScene.swift */; };
		ACD2F6F02291EB4900BFC597 /* GameViewController.swift in Sources */ = {isa = PBXBuildFile; fileRef = ACD2F6EF2291EB4900BFC597 /* GameViewController.swift */; };
		ACD2F6F32291EB4900BFC597 /* Main.storyboard in Resources */ = {isa = PBXBuildFile; fileRef = ACD2F6F12291EB4900BFC597 /* Main.storyboard */; };
		ACD2F6F52291EB4B00BFC597 /* Assets.xcassets in Resources */ = {isa = PBXBuildFile; fileRef = ACD2F6F42291EB4B00BFC597 /* Assets.xcassets */; };
		ACD2F6F82291EB4B00BFC597 /* LaunchScreen.storyboard in Resources */ = {isa = PBXBuildFile; fileRef = ACD2F6F62291EB4B00BFC597 /* LaunchScreen.storyboard */; };
		ACD2F7082291EDB200BFC597 /* explosion.sks in Resources */ = {isa = PBXBuildFile; fileRef = ACD2F7002291EDB100BFC597 /* explosion.sks */; };
		ACD2F7092291EDB200BFC597 /* tv@2x.png in Resources */ = {isa = PBXBuildFile; fileRef = ACD2F7012291EDB100BFC597 /* tv@2x.png */; };
		ACD2F70A2291EDB200BFC597 /* bigSpark.png in Resources */ = {isa = PBXBuildFile; fileRef = ACD2F7022291EDB100BFC597 /* bigSpark.png */; };
		ACD2F70B2291EDB200BFC597 /* spark.png in Resources */ = {isa = PBXBuildFile; fileRef = ACD2F7032291EDB100BFC597 /* spark.png */; };
		ACD2F70C2291EDB200BFC597 /* player@2x.png in Resources */ = {isa = PBXBuildFile; fileRef = ACD2F7042291EDB100BFC597 /* player@2x.png */; };
		ACD2F70D2291EDB200BFC597 /* ball@2x.png in Resources */ = {isa = PBXBuildFile; fileRef = ACD2F7052291EDB100BFC597 /* ball@2x.png */; };
		ACD2F70E2291EDB200BFC597 /* starfield.sks in Resources */ = {isa = PBXBuildFile; fileRef = ACD2F7062291EDB100BFC597 /* starfield.sks */; };
		ACD2F70F2291EDB200BFC597 /* hammer@2x.png in Resources */ = {isa = PBXBuildFile; fileRef = ACD2F7072291EDB100BFC597 /* hammer@2x.png */; };
/* End PBXBuildFile section */

/* Begin PBXFileReference section */
		ACD2F6E42291EB4900BFC597 /* Space Race.app */ = {isa = PBXFileReference; explicitFileType = wrapper.application; includeInIndex = 0; path = "Space Race.app"; sourceTree = BUILT_PRODUCTS_DIR; };
		ACD2F6E72291EB4900BFC597 /* AppDelegate.swift */ = {isa = PBXFileReference; lastKnownFileType = sourcecode.swift; path = AppDelegate.swift; sourceTree = "<group>"; };
		ACD2F6E92291EB4900BFC597 /* GameScene.sks */ = {isa = PBXFileReference; lastKnownFileType = file.sks; path = GameScene.sks; sourceTree = "<group>"; };
		ACD2F6ED2291EB4900BFC597 /* GameScene.swift */ = {isa = PBXFileReference; lastKnownFileType = sourcecode.swift; path = GameScene.swift; sourceTree = "<group>"; };
		ACD2F6EF2291EB4900BFC597 /* GameViewController.swift */ = {isa = PBXFileReference; lastKnownFileType = sourcecode.swift; path = GameViewController.swift; sourceTree = "<group>"; };
		ACD2F6F22291EB4900BFC597 /* Base */ = {isa = PBXFileReference; lastKnownFileType = file.storyboard; name = Base; path = Base.lproj/Main.storyboard; sourceTree = "<group>"; };
		ACD2F6F42291EB4B00BFC597 /* Assets.xcassets */ = {isa = PBXFileReference; lastKnownFileType = folder.assetcatalog; path = Assets.xcassets; sourceTree = "<group>"; };
		ACD2F6F72291EB4B00BFC597 /* Base */ = {isa = PBXFileReference; lastKnownFileType = file.storyboard; name = Base; path = Base.lproj/LaunchScreen.storyboard; sourceTree = "<group>"; };
		ACD2F6F92291EB4B00BFC597 /* Info.plist */ = {isa = PBXFileReference; lastKnownFileType = text.plist.xml; path = Info.plist; sourceTree = "<group>"; };
		ACD2F7002291EDB100BFC597 /* explosion.sks */ = {isa = PBXFileReference; lastKnownFileType = file.sks; path = explosion.sks; sourceTree = "<group>"; };
		ACD2F7012291EDB100BFC597 /* tv@2x.png */ = {isa = PBXFileReference; lastKnownFileType = image.png; path = "tv@2x.png"; sourceTree = "<group>"; };
		ACD2F7022291EDB100BFC597 /* bigSpark.png */ = {isa = PBXFileReference; lastKnownFileType = image.png; path = bigSpark.png; sourceTree = "<group>"; };
		ACD2F7032291EDB100BFC597 /* spark.png */ = {isa = PBXFileReference; lastKnownFileType = image.png; path = spark.png; sourceTree = "<group>"; };
		ACD2F7042291EDB100BFC597 /* player@2x.png */ = {isa = PBXFileReference; lastKnownFileType = image.png; path = "player@2x.png"; sourceTree = "<group>"; };
		ACD2F7052291EDB100BFC597 /* ball@2x.png */ = {isa = PBXFileReference; lastKnownFileType = image.png; path = "ball@2x.png"; sourceTree = "<group>"; };
		ACD2F7062291EDB100BFC597 /* starfield.sks */ = {isa = PBXFileReference; lastKnownFileType = file.sks; path = starfield.sks; sourceTree = "<group>"; };
		ACD2F7072291EDB100BFC597 /* hammer@2x.png */ = {isa = PBXFileReference; lastKnownFileType = image.png; path = "hammer@2x.png"; sourceTree = "<group>"; };
/* End PBXFileReference section */

/* Begin PBXFrameworksBuildPhase section */
		ACD2F6E12291EB4900BFC597 /* Frameworks */ = {
			isa = PBXFrameworksBuildPhase;
			buildActionMask = 2147483647;
			files = (
			);
			runOnlyForDeploymentPostprocessing = 0;
		};
/* End PBXFrameworksBuildPhase section */

/* Begin PBXGroup section */
		ACD2F6DB2291EB4900BFC597 = {
			isa = PBXGroup;
			children = (
				ACD2F6E62291EB4900BFC597 /* Space Race */,
				ACD2F6E52291EB4900BFC597 /* Products */,
			);
			sourceTree = "<group>";
		};
		ACD2F6E52291EB4900BFC597 /* Products */ = {
			isa = PBXGroup;
			children = (
				ACD2F6E42291EB4900BFC597 /* Space Race.app */,
			);
			name = Products;
			sourceTree = "<group>";
		};
		ACD2F6E62291EB4900BFC597 /* Space Race */ = {
			isa = PBXGroup;
			children = (
				ACD2F6E72291EB4900BFC597 /* AppDelegate.swift */,
				ACD2F6E92291EB4900BFC597 /* GameScene.sks */,
				ACD2F6ED2291EB4900BFC597 /* GameScene.swift */,
				ACD2F6EF2291EB4900BFC597 /* GameViewController.swift */,
				ACD2F6F12291EB4900BFC597 /* Main.storyboard */,
				ACD2F6F42291EB4B00BFC597 /* Assets.xcassets */,
				ACD2F6FF2291EDB100BFC597 /* Content */,
				ACD2F6F62291EB4B00BFC597 /* LaunchScreen.storyboard */,
				ACD2F6F92291EB4B00BFC597 /* Info.plist */,
			);
			path = "Space Race";
			sourceTree = "<group>";
		};
		ACD2F6FF2291EDB100BFC597 /* Content */ = {
			isa = PBXGroup;
			children = (
				ACD2F7002291EDB100BFC597 /* explosion.sks */,
				ACD2F7012291EDB100BFC597 /* tv@2x.png */,
				ACD2F7022291EDB100BFC597 /* bigSpark.png */,
				ACD2F7032291EDB100BFC597 /* spark.png */,
				ACD2F7042291EDB100BFC597 /* player@2x.png */,
				ACD2F7052291EDB100BFC597 /* ball@2x.png */,
				ACD2F7062291EDB100BFC597 /* starfield.sks */,
				ACD2F7072291EDB100BFC597 /* hammer@2x.png */,
			);
			path = Content;
			sourceTree = "<group>";
		};
/* End PBXGroup section */

/* Begin PBXNativeTarget section */
		ACD2F6E32291EB4900BFC597 /* Space Race */ = {
			isa = PBXNativeTarget;
			buildConfigurationList = ACD2F6FC2291EB4B00BFC597 /* Build configuration list for PBXNativeTarget "Space Race" */;
			buildPhases = (
				ACD2F6E02291EB4900BFC597 /* Sources */,
				ACD2F6E12291EB4900BFC597 /* Frameworks */,
				ACD2F6E22291EB4900BFC597 /* Resources */,
			);
			buildRules = (
			);
			dependencies = (
			);
			name = "Space Race";
			productName = "Space Race";
			productReference = ACD2F6E42291EB4900BFC597 /* Space Race.app */;
			productType = "com.apple.product-type.application";
		};
/* End PBXNativeTarget section */

/* Begin PBXProject section */
		ACD2F6DC2291EB4900BFC597 /* Project object */ = {
			isa = PBXProject;
			attributes = {
				LastSwiftUpdateCheck = 1020;
				LastUpgradeCheck = 1020;
				ORGANIZATIONNAME = "Stefan Blos";
				TargetAttributes = {
					ACD2F6E32291EB4900BFC597 = {
						CreatedOnToolsVersion = 10.2.1;
					};
				};
			};
			buildConfigurationList = ACD2F6DF2291EB4900BFC597 /* Build configuration list for PBXProject "Space Race" */;
			compatibilityVersion = "Xcode 9.3";
			developmentRegion = en;
			hasScannedForEncodings = 0;
			knownRegions = (
				en,
				Base,
			);
			mainGroup = ACD2F6DB2291EB4900BFC597;
			productRefGroup = ACD2F6E52291EB4900BFC597 /* Products */;
			projectDirPath = "";
			projectRoot = "";
			targets = (
				ACD2F6E32291EB4900BFC597 /* Space Race */,
			);
		};
/* End PBXProject section */

/* Begin PBXResourcesBuildPhase section */
		ACD2F6E22291EB4900BFC597 /* Resources */ = {
			isa = PBXResourcesBuildPhase;
			buildActionMask = 2147483647;
			files = (
				ACD2F70F2291EDB200BFC597 /* hammer@2x.png in Resources */,
				ACD2F6F32291EB4900BFC597 /* Main.storyboard in Resources */,
				ACD2F70A2291EDB200BFC597 /* bigSpark.png in Resources */,
				ACD2F70E2291EDB200BFC597 /* starfield.sks in Resources */,
				ACD2F6EA2291EB4900BFC597 /* GameScene.sks in Resources */,
				ACD2F7092291EDB200BFC597 /* tv@2x.png in Resources */,
				ACD2F6F52291EB4B00BFC597 /* Assets.xcassets in Resources */,
				ACD2F70B2291EDB200BFC597 /* spark.png in Resources */,
				ACD2F7082291EDB200BFC597 /* explosion.sks in Resources */,
				ACD2F70D2291EDB200BFC597 /* ball@2x.png in Resources */,
				ACD2F70C2291EDB200BFC597 /* player@2x.png in Resources */,
				ACD2F6F82291EB4B00BFC597 /* LaunchScreen.storyboard in Resources */,
			);
			runOnlyForDeploymentPostprocessing = 0;
		};
/* End PBXResourcesBuildPhase section */

/* Begin PBXSourcesBuildPhase section */
		ACD2F6E02291EB4900BFC597 /* Sources */ = {
			isa = PBXSourcesBuildPhase;
			buildActionMask = 2147483647;
			files = (
				ACD2F6EE2291EB4900BFC597 /* GameScene.swift in Sources */,
				ACD2F6F02291EB4900BFC597 /* GameViewController.swift in Sources */,
				ACD2F6E82291EB4900BFC597 /* AppDelegate.swift in Sources */,
			);
			runOnlyForDeploymentPostprocessing = 0;
		};
/* End PBXSourcesBuildPhase section */

/* Begin PBXVariantGroup section */
		ACD2F6F12291EB4900BFC597 /* Main.storyboard */ = {
			isa = PBXVariantGroup;
			children = (
				ACD2F6F22291EB4900BFC597 /* Base */,
			);
			name = Main.storyboard;
			sourceTree = "<group>";
		};
		ACD2F6F62291EB4B00BFC597 /* LaunchScreen.storyboard */ = {
			isa = PBXVariantGroup;
			children = (
				ACD2F6F72291EB4B00BFC597 /* Base */,
			);
			name = LaunchScreen.storyboard;
			sourceTree = "<group>";
		};
/* End PBXVariantGroup section */

/* Begin XCBuildConfiguration section */
		ACD2F6FA2291EB4B00BFC597 /* Debug */ = {
			isa = XCBuildConfiguration;
			buildSettings = {
				ALWAYS_SEARCH_USER_PATHS = NO;
				CLANG_ANALYZER_NONNULL = YES;
				CLANG_ANALYZER_NUMBER_OBJECT_CONVERSION = YES_AGGRESSIVE;
				CLANG_CXX_LANGUAGE_STANDARD = "gnu++14";
				CLANG_CXX_LIBRARY = "libc++";
				CLANG_ENABLE_MODULES = YES;
				CLANG_ENABLE_OBJC_ARC = YES;
				CLANG_ENABLE_OBJC_WEAK = YES;
				CLANG_WARN_BLOCK_CAPTURE_AUTORELEASING = YES;
				CLANG_WARN_BOOL_CONVERSION = YES;
				CLANG_WARN_COMMA = YES;
				CLANG_WARN_CONSTANT_CONVERSION = YES;
				CLANG_WARN_DEPRECATED_OBJC_IMPLEMENTATIONS = YES;
				CLANG_WARN_DIRECT_OBJC_ISA_USAGE = YES_ERROR;
				CLANG_WARN_DOCUMENTATION_COMMENTS = YES;
				CLANG_WARN_EMPTY_BODY = YES;
				CLANG_WARN_ENUM_CONVERSION = YES;
				CLANG_WARN_INFINITE_RECURSION = YES;
				CLANG_WARN_INT_CONVERSION = YES;
				CLANG_WARN_NON_LITERAL_NULL_CONVERSION = YES;
				CLANG_WARN_OBJC_IMPLICIT_RETAIN_SELF = YES;
				CLANG_WARN_OBJC_LITERAL_CONVERSION = YES;
				CLANG_WARN_OBJC_ROOT_CLASS = YES_ERROR;
				CLANG_WARN_RANGE_LOOP_ANALYSIS = YES;
				CLANG_WARN_STRICT_PROTOTYPES = YES;
				CLANG_WARN_SUSPICIOUS_MOVE = YES;
				CLANG_WARN_UNGUARDED_AVAILABILITY = YES_AGGRESSIVE;
				CLANG_WARN_UNREACHABLE_CODE = YES;
				CLANG_WARN__DUPLICATE_METHOD_MATCH = YES;
				CODE_SIGN_IDENTITY = "iPhone Developer";
				COPY_PHASE_STRIP = NO;
				DEBUG_INFORMATION_FORMAT = dwarf;
				ENABLE_STRICT_OBJC_MSGSEND = YES;
				ENABLE_TESTABILITY = YES;
				GCC_C_LANGUAGE_STANDARD = gnu11;
				GCC_DYNAMIC_NO_PIC = NO;
				GCC_NO_COMMON_BLOCKS = YES;
				GCC_OPTIMIZATION_LEVEL = 0;
				GCC_PREPROCESSOR_DEFINITIONS = (
					"DEBUG=1",
					"$(inherited)",
				);
				GCC_WARN_64_TO_32_BIT_CONVERSION = YES;
				GCC_WARN_ABOUT_RETURN_TYPE = YES_ERROR;
				GCC_WARN_UNDECLARED_SELECTOR = YES;
				GCC_WARN_UNINITIALIZED_AUTOS = YES_AGGRESSIVE;
				GCC_WARN_UNUSED_FUNCTION = YES;
				GCC_WARN_UNUSED_VARIABLE = YES;
				IPHONEOS_DEPLOYMENT_TARGET = 12.2;
				MTL_ENABLE_DEBUG_INFO = INCLUDE_SOURCE;
				MTL_FAST_MATH = YES;
				ONLY_ACTIVE_ARCH = YES;
				SDKROOT = iphoneos;
				SWIFT_ACTIVE_COMPILATION_CONDITIONS = DEBUG;
				SWIFT_OPTIMIZATION_LEVEL = "-Onone";
			};
			name = Debug;
		};
		ACD2F6FB2291EB4B00BFC597 /* Release */ = {
			isa = XCBuildConfiguration;
			buildSettings = {
				ALWAYS_SEARCH_USER_PATHS = NO;
				CLANG_ANALYZER_NONNULL = YES;
				CLANG_ANALYZER_NUMBER_OBJECT_CONVERSION = YES_AGGRESSIVE;
				CLANG_CXX_LANGUAGE_STANDARD = "gnu++14";
				CLANG_CXX_LIBRARY = "libc++";
				CLANG_ENABLE_MODULES = YES;
				CLANG_ENABLE_OBJC_ARC = YES;
				CLANG_ENABLE_OBJC_WEAK = YES;
				CLANG_WARN_BLOCK_CAPTURE_AUTORELEASING = YES;
				CLANG_WARN_BOOL_CONVERSION = YES;
				CLANG_WARN_COMMA = YES;
				CLANG_WARN_CONSTANT_CONVERSION = YES;
				CLANG_WARN_DEPRECATED_OBJC_IMPLEMENTATIONS = YES;
				CLANG_WARN_DIRECT_OBJC_ISA_USAGE = YES_ERROR;
				CLANG_WARN_DOCUMENTATION_COMMENTS = YES;
				CLANG_WARN_EMPTY_BODY = YES;
				CLANG_WARN_ENUM_CONVERSION = YES;
				CLANG_WARN_INFINITE_RECURSION = YES;
				CLANG_WARN_INT_CONVERSION = YES;
				CLANG_WARN_NON_LITERAL_NULL_CONVERSION = YES;
				CLANG_WARN_OBJC_IMPLICIT_RETAIN_SELF = YES;
				CLANG_WARN_OBJC_LITERAL_CONVERSION = YES;
				CLANG_WARN_OBJC_ROOT_CLASS = YES_ERROR;
				CLANG_WARN_RANGE_LOOP_ANALYSIS = YES;
				CLANG_WARN_STRICT_PROTOTYPES = YES;
				CLANG_WARN_SUSPICIOUS_MOVE = YES;
				CLANG_WARN_UNGUARDED_AVAILABILITY = YES_AGGRESSIVE;
				CLANG_WARN_UNREACHABLE_CODE = YES;
				CLANG_WARN__DUPLICATE_METHOD_MATCH = YES;
				CODE_SIGN_IDENTITY = "iPhone Developer";
				COPY_PHASE_STRIP = NO;
				DEBUG_INFORMATION_FORMAT = "dwarf-with-dsym";
				ENABLE_NS_ASSERTIONS = NO;
				ENABLE_STRICT_OBJC_MSGSEND = YES;
				GCC_C_LANGUAGE_STANDARD = gnu11;
				GCC_NO_COMMON_BLOCKS = YES;
				GCC_WARN_64_TO_32_BIT_CONVERSION = YES;
				GCC_WARN_ABOUT_RETURN_TYPE = YES_ERROR;
				GCC_WARN_UNDECLARED_SELECTOR = YES;
				GCC_WARN_UNINITIALIZED_AUTOS = YES_AGGRESSIVE;
				GCC_WARN_UNUSED_FUNCTION = YES;
				GCC_WARN_UNUSED_VARIABLE = YES;
				IPHONEOS_DEPLOYMENT_TARGET = 12.2;
				MTL_ENABLE_DEBUG_INFO = NO;
				MTL_FAST_MATH = YES;
				SDKROOT = iphoneos;
				SWIFT_COMPILATION_MODE = wholemodule;
				SWIFT_OPTIMIZATION_LEVEL = "-O";
				VALIDATE_PRODUCT = YES;
			};
			name = Release;
		};
		ACD2F6FD2291EB4B00BFC597 /* Debug */ = {
			isa = XCBuildConfiguration;
			buildSettings = {
				ASSETCATALOG_COMPILER_APPICON_NAME = AppIcon;
				CODE_SIGN_STYLE = Automatic;
				DEVELOPMENT_TEAM = JY49624W8T;
				INFOPLIST_FILE = "Space Race/Info.plist";
				LD_RUNPATH_SEARCH_PATHS = (
					"$(inherited)",
					"@executable_path/Frameworks",
				);
				PRODUCT_BUNDLE_IDENTIFIER = "com.stefanblos.Space-Race";
				PRODUCT_NAME = "$(TARGET_NAME)";
				SWIFT_VERSION = 5.0;
				TARGETED_DEVICE_FAMILY = 2;
			};
			name = Debug;
		};
		ACD2F6FE2291EB4B00BFC597 /* Release */ = {
			isa = XCBuildConfiguration;
			buildSettings = {
				ASSETCATALOG_COMPILER_APPICON_NAME = AppIcon;
				CODE_SIGN_STYLE = Automatic;
				DEVELOPMENT_TEAM = JY49624W8T;
				INFOPLIST_FILE = "Space Race/Info.plist";
				LD_RUNPATH_SEARCH_PATHS = (
					"$(inherited)",
					"@executable_path/Frameworks",
				);
				PRODUCT_BUNDLE_IDENTIFIER = "com.stefanblos.Space-Race";
				PRODUCT_NAME = "$(TARGET_NAME)";
				SWIFT_VERSION = 5.0;
				TARGETED_DEVICE_FAMILY = 2;
			};
			name = Release;
		};
/* End XCBuildConfiguration section */

/* Begin XCConfigurationList section */
		ACD2F6DF2291EB4900BFC597 /* Build configuration list for PBXProject "Space Race" */ = {
			isa = XCConfigurationList;
			buildConfigurations = (
				ACD2F6FA2291EB4B00BFC597 /* Debug */,
				ACD2F6FB2291EB4B00BFC597 /* Release */,
			);
			defaultConfigurationIsVisible = 0;
			defaultConfigurationName = Release;
		};
		ACD2F6FC2291EB4B00BFC597 /* Build configuration list for PBXNativeTarget "Space Race" */ = {
			isa = XCConfigurationList;
			buildConfigurations = (
				ACD2F6FD2291EB4B00BFC597 /* Debug */,
				ACD2F6FE2291EB4B00BFC597 /* Release */,
			);
			defaultConfigurationIsVisible = 0;
			defaultConfigurationName = Release;
		};
/* End XCConfigurationList section */
	};
	rootObject = ACD2F6DC2291EB4900BFC597 /* Project object */;
}
