// !$*UTF8*$!
{
	archiveVersion = 1;
	classes = {
	};
	objectVersion = 50;
	objects = {

/* Begin PBXBuildFile section */
		AC98B233237F5FD200FE4212 /* AppDelegate.swift in Sources */ = {isa = PBXBuildFile; fileRef = AC98B232237F5FD200FE4212 /* AppDelegate.swift */; };
		AC98B235237F5FD200FE4212 /* SceneDelegate.swift in Sources */ = {isa = PBXBuildFile; fileRef = AC98B234237F5FD200FE4212 /* SceneDelegate.swift */; };
		AC98B237237F5FD200FE4212 /* ViewController.swift in Sources */ = {isa = PBXBuildFile; fileRef = AC98B236237F5FD200FE4212 /* ViewController.swift */; };
		AC98B23A237F5FD200FE4212 /* Main.storyboard in Resources */ = {isa = PBXBuildFile; fileRef = AC98B238237F5FD200FE4212 /* Main.storyboard */; };
		AC98B23C237F5FD800FE4212 /* Assets.xcassets in Resources */ = {isa = PBXBuildFile; fileRef = AC98B23B237F5FD800FE4212 /* Assets.xcassets */; };
		AC98B23F237F5FD800FE4212 /* LaunchScreen.storyboard in Resources */ = {isa = PBXBuildFile; fileRef = AC98B23D237F5FD800FE4212 /* LaunchScreen.storyboard */; };
		AC98B247237FDA4400FE4212 /* CardCell.swift in Sources */ = {isa = PBXBuildFile; fileRef = AC98B246237FDA4400FE4212 /* CardCell.swift */; };
		AC98B2492380081900FE4212 /* CardContent.swift in Sources */ = {isa = PBXBuildFile; fileRef = AC98B2482380081900FE4212 /* CardContent.swift */; };
		AC98B24B238018D100FE4212 /* Topics.swift in Sources */ = {isa = PBXBuildFile; fileRef = AC98B24A238018D100FE4212 /* Topics.swift */; };
		AC98B24D23802CAA00FE4212 /* UIColor+Backgrounds.swift in Sources */ = {isa = PBXBuildFile; fileRef = AC98B24C23802CAA00FE4212 /* UIColor+Backgrounds.swift */; };
/* End PBXBuildFile section */

/* Begin PBXFileReference section */
		AC98B22F237F5FD200FE4212 /* Pairs.app */ = {isa = PBXFileReference; explicitFileType = wrapper.application; includeInIndex = 0; path = Pairs.app; sourceTree = BUILT_PRODUCTS_DIR; };
		AC98B232237F5FD200FE4212 /* AppDelegate.swift */ = {isa = PBXFileReference; lastKnownFileType = sourcecode.swift; path = AppDelegate.swift; sourceTree = "<group>"; };
		AC98B234237F5FD200FE4212 /* SceneDelegate.swift */ = {isa = PBXFileReference; lastKnownFileType = sourcecode.swift; path = SceneDelegate.swift; sourceTree = "<group>"; };
		AC98B236237F5FD200FE4212 /* ViewController.swift */ = {isa = PBXFileReference; lastKnownFileType = sourcecode.swift; path = ViewController.swift; sourceTree = "<group>"; };
		AC98B239237F5FD200FE4212 /* Base */ = {isa = PBXFileReference; lastKnownFileType = file.storyboard; name = Base; path = Base.lproj/Main.storyboard; sourceTree = "<group>"; };
		AC98B23B237F5FD800FE4212 /* Assets.xcassets */ = {isa = PBXFileReference; lastKnownFileType = folder.assetcatalog; path = Assets.xcassets; sourceTree = "<group>"; };
		AC98B23E237F5FD800FE4212 /* Base */ = {isa = PBXFileReference; lastKnownFileType = file.storyboard; name = Base; path = Base.lproj/LaunchScreen.storyboard; sourceTree = "<group>"; };
		AC98B240237F5FD800FE4212 /* Info.plist */ = {isa = PBXFileReference; lastKnownFileType = text.plist.xml; path = Info.plist; sourceTree = "<group>"; };
		AC98B246237FDA4400FE4212 /* CardCell.swift */ = {isa = PBXFileReference; lastKnownFileType = sourcecode.swift; path = CardCell.swift; sourceTree = "<group>"; };
		AC98B2482380081900FE4212 /* CardContent.swift */ = {isa = PBXFileReference; lastKnownFileType = sourcecode.swift; path = CardContent.swift; sourceTree = "<group>"; };
		AC98B24A238018D100FE4212 /* Topics.swift */ = {isa = PBXFileReference; lastKnownFileType = sourcecode.swift; path = Topics.swift; sourceTree = "<group>"; };
		AC98B24C23802CAA00FE4212 /* UIColor+Backgrounds.swift */ = {isa = PBXFileReference; lastKnownFileType = sourcecode.swift; path = "UIColor+Backgrounds.swift"; sourceTree = "<group>"; };
/* End PBXFileReference section */

/* Begin PBXFrameworksBuildPhase section */
		AC98B22C237F5FD200FE4212 /* Frameworks */ = {
			isa = PBXFrameworksBuildPhase;
			buildActionMask = 2147483647;
			files = (
			);
			runOnlyForDeploymentPostprocessing = 0;
		};
/* End PBXFrameworksBuildPhase section */

/* Begin PBXGroup section */
		AC98B226237F5FD200FE4212 = {
			isa = PBXGroup;
			children = (
				AC98B231237F5FD200FE4212 /* Pairs */,
				AC98B230237F5FD200FE4212 /* Products */,
			);
			sourceTree = "<group>";
		};
		AC98B230237F5FD200FE4212 /* Products */ = {
			isa = PBXGroup;
			children = (
				AC98B22F237F5FD200FE4212 /* Pairs.app */,
			);
			name = Products;
			sourceTree = "<group>";
		};
		AC98B231237F5FD200FE4212 /* Pairs */ = {
			isa = PBXGroup;
			children = (
				AC98B232237F5FD200FE4212 /* AppDelegate.swift */,
				AC98B234237F5FD200FE4212 /* SceneDelegate.swift */,
				AC98B236237F5FD200FE4212 /* ViewController.swift */,
				AC98B24A238018D100FE4212 /* Topics.swift */,
				AC98B246237FDA4400FE4212 /* CardCell.swift */,
				AC98B2482380081900FE4212 /* CardContent.swift */,
				AC98B238237F5FD200FE4212 /* Main.storyboard */,
				AC98B23B237F5FD800FE4212 /* Assets.xcassets */,
				AC98B23D237F5FD800FE4212 /* LaunchScreen.storyboard */,
				AC98B240237F5FD800FE4212 /* Info.plist */,
				AC98B24C23802CAA00FE4212 /* UIColor+Backgrounds.swift */,
			);
			path = Pairs;
			sourceTree = "<group>";
		};
/* End PBXGroup section */

/* Begin PBXNativeTarget section */
		AC98B22E237F5FD200FE4212 /* Pairs */ = {
			isa = PBXNativeTarget;
			buildConfigurationList = AC98B243237F5FD800FE4212 /* Build configuration list for PBXNativeTarget "Pairs" */;
			buildPhases = (
				AC98B22B237F5FD200FE4212 /* Sources */,
				AC98B22C237F5FD200FE4212 /* Frameworks */,
				AC98B22D237F5FD200FE4212 /* Resources */,
			);
			buildRules = (
			);
			dependencies = (
			);
			name = Pairs;
			productName = Pairs;
			productReference = AC98B22F237F5FD200FE4212 /* Pairs.app */;
			productType = "com.apple.product-type.application";
		};
/* End PBXNativeTarget section */

/* Begin PBXProject section */
		AC98B227237F5FD200FE4212 /* Project object */ = {
			isa = PBXProject;
			attributes = {
				LastSwiftUpdateCheck = 1120;
				LastUpgradeCheck = 1120;
				ORGANIZATIONNAME = "Stefan Blos";
				TargetAttributes = {
					AC98B22E237F5FD200FE4212 = {
						CreatedOnToolsVersion = 11.2;
					};
				};
			};
			buildConfigurationList = AC98B22A237F5FD200FE4212 /* Build configuration list for PBXProject "Pairs" */;
			compatibilityVersion = "Xcode 9.3";
			developmentRegion = en;
			hasScannedForEncodings = 0;
			knownRegions = (
				en,
				Base,
			);
			mainGroup = AC98B226237F5FD200FE4212;
			productRefGroup = AC98B230237F5FD200FE4212 /* Products */;
			projectDirPath = "";
			projectRoot = "";
			targets = (
				AC98B22E237F5FD200FE4212 /* Pairs */,
			);
		};
/* End PBXProject section */

/* Begin PBXResourcesBuildPhase section */
		AC98B22D237F5FD200FE4212 /* Resources */ = {
			isa = PBXResourcesBuildPhase;
			buildActionMask = 2147483647;
			files = (
				AC98B23F237F5FD800FE4212 /* LaunchScreen.storyboard in Resources */,
				AC98B23C237F5FD800FE4212 /* Assets.xcassets in Resources */,
				AC98B23A237F5FD200FE4212 /* Main.storyboard in Resources */,
			);
			runOnlyForDeploymentPostprocessing = 0;
		};
/* End PBXResourcesBuildPhase section */

/* Begin PBXSourcesBuildPhase section */
		AC98B22B237F5FD200FE4212 /* Sources */ = {
			isa = PBXSourcesBuildPhase;
			buildActionMask = 2147483647;
			files = (
				AC98B237237F5FD200FE4212 /* ViewController.swift in Sources */,
				AC98B24D23802CAA00FE4212 /* UIColor+Backgrounds.swift in Sources */,
				AC98B2492380081900FE4212 /* CardContent.swift in Sources */,
				AC98B233237F5FD200FE4212 /* AppDelegate.swift in Sources */,
				AC98B24B238018D100FE4212 /* Topics.swift in Sources */,
				AC98B235237F5FD200FE4212 /* SceneDelegate.swift in Sources */,
				AC98B247237FDA4400FE4212 /* CardCell.swift in Sources */,
			);
			runOnlyForDeploymentPostprocessing = 0;
		};
/* End PBXSourcesBuildPhase section */

/* Begin PBXVariantGroup section */
		AC98B238237F5FD200FE4212 /* Main.storyboard */ = {
			isa = PBXVariantGroup;
			children = (
				AC98B239237F5FD200FE4212 /* Base */,
			);
			name = Main.storyboard;
			sourceTree = "<group>";
		};
		AC98B23D237F5FD800FE4212 /* LaunchScreen.storyboard */ = {
			isa = PBXVariantGroup;
			children = (
				AC98B23E237F5FD800FE4212 /* Base */,
			);
			name = LaunchScreen.storyboard;
			sourceTree = "<group>";
		};
/* End PBXVariantGroup section */

/* Begin XCBuildConfiguration section */
		AC98B241237F5FD800FE4212 /* Debug */ = {
			isa = XCBuildConfiguration;
			buildSettings = {
				ALWAYS_SEARCH_USER_PATHS = NO;
				CLANG_ANALYZER_NONNULL = YES;
				CLANG_ANALYZER_NUMBER_OBJECT_CONVERSION = YES_AGGRESSIVE;
				CLANG_CXX_LANGUAGE_STANDARD = "gnu++14";
				CLANG_CXX_LIBRARY = "libc++";
				CLANG_ENABLE_MODULES = YES;
				CLANG_ENABLE_OBJC_ARC = YES;
				CLANG_ENABLE_OBJC_WEAK = YES;
				CLANG_WARN_BLOCK_CAPTURE_AUTORELEASING = YES;
				CLANG_WARN_BOOL_CONVERSION = YES;
				CLANG_WARN_COMMA = YES;
				CLANG_WARN_CONSTANT_CONVERSION = YES;
				CLANG_WARN_DEPRECATED_OBJC_IMPLEMENTATIONS = YES;
				CLANG_WARN_DIRECT_OBJC_ISA_USAGE = YES_ERROR;
				CLANG_WARN_DOCUMENTATION_COMMENTS = YES;
				CLANG_WARN_EMPTY_BODY = YES;
				CLANG_WARN_ENUM_CONVERSION = YES;
				CLANG_WARN_INFINITE_RECURSION = YES;
				CLANG_WARN_INT_CONVERSION = YES;
				CLANG_WARN_NON_LITERAL_NULL_CONVERSION = YES;
				CLANG_WARN_OBJC_IMPLICIT_RETAIN_SELF = YES;
				CLANG_WARN_OBJC_LITERAL_CONVERSION = YES;
				CLANG_WARN_OBJC_ROOT_CLASS = YES_ERROR;
				CLANG_WARN_RANGE_LOOP_ANALYSIS = YES;
				CLANG_WARN_STRICT_PROTOTYPES = YES;
				CLANG_WARN_SUSPICIOUS_MOVE = YES;
				CLANG_WARN_UNGUARDED_AVAILABILITY = YES_AGGRESSIVE;
				CLANG_WARN_UNREACHABLE_CODE = YES;
				CLANG_WARN__DUPLICATE_METHOD_MATCH = YES;
				COPY_PHASE_STRIP = NO;
				DEBUG_INFORMATION_FORMAT = dwarf;
				ENABLE_STRICT_OBJC_MSGSEND = YES;
				ENABLE_TESTABILITY = YES;
				GCC_C_LANGUAGE_STANDARD = gnu11;
				GCC_DYNAMIC_NO_PIC = NO;
				GCC_NO_COMMON_BLOCKS = YES;
				GCC_OPTIMIZATION_LEVEL = 0;
				GCC_PREPROCESSOR_DEFINITIONS = (
					"DEBUG=1",
					"$(inherited)",
				);
				GCC_WARN_64_TO_32_BIT_CONVERSION = YES;
				GCC_WARN_ABOUT_RETURN_TYPE = YES_ERROR;
				GCC_WARN_UNDECLARED_SELECTOR = YES;
				GCC_WARN_UNINITIALIZED_AUTOS = YES_AGGRESSIVE;
				GCC_WARN_UNUSED_FUNCTION = YES;
				GCC_WARN_UNUSED_VARIABLE = YES;
				IPHONEOS_DEPLOYMENT_TARGET = 13.2;
				MTL_ENABLE_DEBUG_INFO = INCLUDE_SOURCE;
				MTL_FAST_MATH = YES;
				ONLY_ACTIVE_ARCH = YES;
				SDKROOT = iphoneos;
				SWIFT_ACTIVE_COMPILATION_CONDITIONS = DEBUG;
				SWIFT_OPTIMIZATION_LEVEL = "-Onone";
			};
			name = Debug;
		};
		AC98B242237F5FD800FE4212 /* Release */ = {
			isa = XCBuildConfiguration;
			buildSettings = {
				ALWAYS_SEARCH_USER_PATHS = NO;
				CLANG_ANALYZER_NONNULL = YES;
				CLANG_ANALYZER_NUMBER_OBJECT_CONVERSION = YES_AGGRESSIVE;
				CLANG_CXX_LANGUAGE_STANDARD = "gnu++14";
				CLANG_CXX_LIBRARY = "libc++";
				CLANG_ENABLE_MODULES = YES;
				CLANG_ENABLE_OBJC_ARC = YES;
				CLANG_ENABLE_OBJC_WEAK = YES;
				CLANG_WARN_BLOCK_CAPTURE_AUTORELEASING = YES;
				CLANG_WARN_BOOL_CONVERSION = YES;
				CLANG_WARN_COMMA = YES;
				CLANG_WARN_CONSTANT_CONVERSION = YES;
				CLANG_WARN_DEPRECATED_OBJC_IMPLEMENTATIONS = YES;
				CLANG_WARN_DIRECT_OBJC_ISA_USAGE = YES_ERROR;
				CLANG_WARN_DOCUMENTATION_COMMENTS = YES;
				CLANG_WARN_EMPTY_BODY = YES;
				CLANG_WARN_ENUM_CONVERSION = YES;
				CLANG_WARN_INFINITE_RECURSION = YES;
				CLANG_WARN_INT_CONVERSION = YES;
				CLANG_WARN_NON_LITERAL_NULL_CONVERSION = YES;
				CLANG_WARN_OBJC_IMPLICIT_RETAIN_SELF = YES;
				CLANG_WARN_OBJC_LITERAL_CONVERSION = YES;
				CLANG_WARN_OBJC_ROOT_CLASS = YES_ERROR;
				CLANG_WARN_RANGE_LOOP_ANALYSIS = YES;
				CLANG_WARN_STRICT_PROTOTYPES = YES;
				CLANG_WARN_SUSPICIOUS_MOVE = YES;
				CLANG_WARN_UNGUARDED_AVAILABILITY = YES_AGGRESSIVE;
				CLANG_WARN_UNREACHABLE_CODE = YES;
				CLANG_WARN__DUPLICATE_METHOD_MATCH = YES;
				COPY_PHASE_STRIP = NO;
				DEBUG_INFORMATION_FORMAT = "dwarf-with-dsym";
				ENABLE_NS_ASSERTIONS = NO;
				ENABLE_STRICT_OBJC_MSGSEND = YES;
				GCC_C_LANGUAGE_STANDARD = gnu11;
				GCC_NO_COMMON_BLOCKS = YES;
				GCC_WARN_64_TO_32_BIT_CONVERSION = YES;
				GCC_WARN_ABOUT_RETURN_TYPE = YES_ERROR;
				GCC_WARN_UNDECLARED_SELECTOR = YES;
				GCC_WARN_UNINITIALIZED_AUTOS = YES_AGGRESSIVE;
				GCC_WARN_UNUSED_FUNCTION = YES;
				GCC_WARN_UNUSED_VARIABLE = YES;
				IPHONEOS_DEPLOYMENT_TARGET = 13.2;
				MTL_ENABLE_DEBUG_INFO = NO;
				MTL_FAST_MATH = YES;
				SDKROOT = iphoneos;
				SWIFT_COMPILATION_MODE = wholemodule;
				SWIFT_OPTIMIZATION_LEVEL = "-O";
				VALIDATE_PRODUCT = YES;
			};
			name = Release;
		};
		AC98B244237F5FD800FE4212 /* Debug */ = {
			isa = XCBuildConfiguration;
			buildSettings = {
				ASSETCATALOG_COMPILER_APPICON_NAME = AppIcon;
				CODE_SIGN_STYLE = Automatic;
				DEVELOPMENT_TEAM = JY49624W8T;
				INFOPLIST_FILE = Pairs/Info.plist;
				LD_RUNPATH_SEARCH_PATHS = (
					"$(inherited)",
					"@executable_path/Frameworks",
				);
				PRODUCT_BUNDLE_IDENTIFIER = com.stefanblos.Pairs;
				PRODUCT_NAME = "$(TARGET_NAME)";
				SWIFT_VERSION = 5.0;
				TARGETED_DEVICE_FAMILY = 2;
			};
			name = Debug;
		};
		AC98B245237F5FD800FE4212 /* Release */ = {
			isa = XCBuildConfiguration;
			buildSettings = {
				ASSETCATALOG_COMPILER_APPICON_NAME = AppIcon;
				CODE_SIGN_STYLE = Automatic;
				DEVELOPMENT_TEAM = JY49624W8T;
				INFOPLIST_FILE = Pairs/Info.plist;
				LD_RUNPATH_SEARCH_PATHS = (
					"$(inherited)",
					"@executable_path/Frameworks",
				);
				PRODUCT_BUNDLE_IDENTIFIER = com.stefanblos.Pairs;
				PRODUCT_NAME = "$(TARGET_NAME)";
				SWIFT_VERSION = 5.0;
				TARGETED_DEVICE_FAMILY = 2;
			};
			name = Release;
		};
/* End XCBuildConfiguration section */

/* Begin XCConfigurationList section */
		AC98B22A237F5FD200FE4212 /* Build configuration list for PBXProject "Pairs" */ = {
			isa = XCConfigurationList;
			buildConfigurations = (
				AC98B241237F5FD800FE4212 /* Debug */,
				AC98B242237F5FD800FE4212 /* Release */,
			);
			defaultConfigurationIsVisible = 0;
			defaultConfigurationName = Release;
		};
		AC98B243237F5FD800FE4212 /* Build configuration list for PBXNativeTarget "Pairs" */ = {
			isa = XCConfigurationList;
			buildConfigurations = (
				AC98B244237F5FD800FE4212 /* Debug */,
				AC98B245237F5FD800FE4212 /* Release */,
			);
			defaultConfigurationIsVisible = 0;
			defaultConfigurationName = Release;
		};
/* End XCConfigurationList section */
	};
	rootObject = AC98B227237F5FD200FE4212 /* Project object */;
}
