// !$*UTF8*$!
{
	archiveVersion = 1;
	classes = {
	};
	objectVersion = 50;
	objects = {

/* Begin PBXBuildFile section */
		ACAAFF02225B6DD700CD67D3 /* AppDelegate.swift in Sources */ = {isa = PBXBuildFile; fileRef = ACAAFF01225B6DD700CD67D3 /* AppDelegate.swift */; };
		ACAAFF04225B6DD700CD67D3 /* ViewController.swift in Sources */ = {isa = PBXBuildFile; fileRef = ACAAFF03225B6DD700CD67D3 /* ViewController.swift */; };
		ACAAFF07225B6DD700CD67D3 /* Main.storyboard in Resources */ = {isa = PBXBuildFile; fileRef = ACAAFF05225B6DD700CD67D3 /* Main.storyboard */; };
		ACAAFF09225B6DD800CD67D3 /* Assets.xcassets in Resources */ = {isa = PBXBuildFile; fileRef = ACAAFF08225B6DD800CD67D3 /* Assets.xcassets */; };
		ACAAFF0C225B6DD800CD67D3 /* LaunchScreen.storyboard in Resources */ = {isa = PBXBuildFile; fileRef = ACAAFF0A225B6DD800CD67D3 /* LaunchScreen.storyboard */; };
/* End PBXBuildFile section */

/* Begin PBXFileReference section */
		ACAAFEFE225B6DD700CD67D3 /* Awesome Auto Layout.app */ = {isa = PBXFileReference; explicitFileType = wrapper.application; includeInIndex = 0; path = "Awesome Auto Layout.app"; sourceTree = BUILT_PRODUCTS_DIR; };
		ACAAFF01225B6DD700CD67D3 /* AppDelegate.swift */ = {isa = PBXFileReference; lastKnownFileType = sourcecode.swift; path = AppDelegate.swift; sourceTree = "<group>"; };
		ACAAFF03225B6DD700CD67D3 /* ViewController.swift */ = {isa = PBXFileReference; lastKnownFileType = sourcecode.swift; path = ViewController.swift; sourceTree = "<group>"; };
		ACAAFF06225B6DD700CD67D3 /* Base */ = {isa = PBXFileReference; lastKnownFileType = file.storyboard; name = Base; path = Base.lproj/Main.storyboard; sourceTree = "<group>"; };
		ACAAFF08225B6DD800CD67D3 /* Assets.xcassets */ = {isa = PBXFileReference; lastKnownFileType = folder.assetcatalog; path = Assets.xcassets; sourceTree = "<group>"; };
		ACAAFF0B225B6DD800CD67D3 /* Base */ = {isa = PBXFileReference; lastKnownFileType = file.storyboard; name = Base; path = Base.lproj/LaunchScreen.storyboard; sourceTree = "<group>"; };
		ACAAFF0D225B6DD800CD67D3 /* Info.plist */ = {isa = PBXFileReference; lastKnownFileType = text.plist.xml; path = Info.plist; sourceTree = "<group>"; };
/* End PBXFileReference section */

/* Begin PBXFrameworksBuildPhase section */
		ACAAFEFB225B6DD700CD67D3 /* Frameworks */ = {
			isa = PBXFrameworksBuildPhase;
			buildActionMask = 2147483647;
			files = (
			);
			runOnlyForDeploymentPostprocessing = 0;
		};
/* End PBXFrameworksBuildPhase section */

/* Begin PBXGroup section */
		ACAAFEF5225B6DD700CD67D3 = {
			isa = PBXGroup;
			children = (
				ACAAFF00225B6DD700CD67D3 /* Awesome Auto Layout */,
				ACAAFEFF225B6DD700CD67D3 /* Products */,
			);
			sourceTree = "<group>";
		};
		ACAAFEFF225B6DD700CD67D3 /* Products */ = {
			isa = PBXGroup;
			children = (
				ACAAFEFE225B6DD700CD67D3 /* Awesome Auto Layout.app */,
			);
			name = Products;
			sourceTree = "<group>";
		};
		ACAAFF00225B6DD700CD67D3 /* Awesome Auto Layout */ = {
			isa = PBXGroup;
			children = (
				ACAAFF01225B6DD700CD67D3 /* AppDelegate.swift */,
				ACAAFF03225B6DD700CD67D3 /* ViewController.swift */,
				ACAAFF05225B6DD700CD67D3 /* Main.storyboard */,
				ACAAFF08225B6DD800CD67D3 /* Assets.xcassets */,
				ACAAFF0A225B6DD800CD67D3 /* LaunchScreen.storyboard */,
				ACAAFF0D225B6DD800CD67D3 /* Info.plist */,
			);
			path = "Awesome Auto Layout";
			sourceTree = "<group>";
		};
/* End PBXGroup section */

/* Begin PBXNativeTarget section */
		ACAAFEFD225B6DD700CD67D3 /* Awesome Auto Layout */ = {
			isa = PBXNativeTarget;
			buildConfigurationList = ACAAFF10225B6DD800CD67D3 /* Build configuration list for PBXNativeTarget "Awesome Auto Layout" */;
			buildPhases = (
				ACAAFEFA225B6DD700CD67D3 /* Sources */,
				ACAAFEFB225B6DD700CD67D3 /* Frameworks */,
				ACAAFEFC225B6DD700CD67D3 /* Resources */,
			);
			buildRules = (
			);
			dependencies = (
			);
			name = "Awesome Auto Layout";
			productName = "Awesome Auto Layout";
			productReference = ACAAFEFE225B6DD700CD67D3 /* Awesome Auto Layout.app */;
			productType = "com.apple.product-type.application";
		};
/* End PBXNativeTarget section */

/* Begin PBXProject section */
		ACAAFEF6225B6DD700CD67D3 /* Project object */ = {
			isa = PBXProject;
			attributes = {
				LastSwiftUpdateCheck = 1020;
				LastUpgradeCheck = 1020;
				ORGANIZATIONNAME = "Stefan Blos";
				TargetAttributes = {
					ACAAFEFD225B6DD700CD67D3 = {
						CreatedOnToolsVersion = 10.2;
					};
				};
			};
			buildConfigurationList = ACAAFEF9225B6DD700CD67D3 /* Build configuration list for PBXProject "Awesome Auto Layout" */;
			compatibilityVersion = "Xcode 9.3";
			developmentRegion = en;
			hasScannedForEncodings = 0;
			knownRegions = (
				en,
				Base,
			);
			mainGroup = ACAAFEF5225B6DD700CD67D3;
			productRefGroup = ACAAFEFF225B6DD700CD67D3 /* Products */;
			projectDirPath = "";
			projectRoot = "";
			targets = (
				ACAAFEFD225B6DD700CD67D3 /* Awesome Auto Layout */,
			);
		};
/* End PBXProject section */

/* Begin PBXResourcesBuildPhase section */
		ACAAFEFC225B6DD700CD67D3 /* Resources */ = {
			isa = PBXResourcesBuildPhase;
			buildActionMask = 2147483647;
			files = (
				ACAAFF0C225B6DD800CD67D3 /* LaunchScreen.storyboard in Resources */,
				ACAAFF09225B6DD800CD67D3 /* Assets.xcassets in Resources */,
				ACAAFF07225B6DD700CD67D3 /* Main.storyboard in Resources */,
			);
			runOnlyForDeploymentPostprocessing = 0;
		};
/* End PBXResourcesBuildPhase section */

/* Begin PBXSourcesBuildPhase section */
		ACAAFEFA225B6DD700CD67D3 /* Sources */ = {
			isa = PBXSourcesBuildPhase;
			buildActionMask = 2147483647;
			files = (
				ACAAFF04225B6DD700CD67D3 /* ViewController.swift in Sources */,
				ACAAFF02225B6DD700CD67D3 /* AppDelegate.swift in Sources */,
			);
			runOnlyForDeploymentPostprocessing = 0;
		};
/* End PBXSourcesBuildPhase section */

/* Begin PBXVariantGroup section */
		ACAAFF05225B6DD700CD67D3 /* Main.storyboard */ = {
			isa = PBXVariantGroup;
			children = (
				ACAAFF06225B6DD700CD67D3 /* Base */,
			);
			name = Main.storyboard;
			sourceTree = "<group>";
		};
		ACAAFF0A225B6DD800CD67D3 /* LaunchScreen.storyboard */ = {
			isa = PBXVariantGroup;
			children = (
				ACAAFF0B225B6DD800CD67D3 /* Base */,
			);
			name = LaunchScreen.storyboard;
			sourceTree = "<group>";
		};
/* End PBXVariantGroup section */

/* Begin XCBuildConfiguration section */
		ACAAFF0E225B6DD800CD67D3 /* Debug */ = {
			isa = XCBuildConfiguration;
			buildSettings = {
				ALWAYS_SEARCH_USER_PATHS = NO;
				CLANG_ANALYZER_NONNULL = YES;
				CLANG_ANALYZER_NUMBER_OBJECT_CONVERSION = YES_AGGRESSIVE;
				CLANG_CXX_LANGUAGE_STANDARD = "gnu++14";
				CLANG_CXX_LIBRARY = "libc++";
				CLANG_ENABLE_MODULES = YES;
				CLANG_ENABLE_OBJC_ARC = YES;
				CLANG_ENABLE_OBJC_WEAK = YES;
				CLANG_WARN_BLOCK_CAPTURE_AUTORELEASING = YES;
				CLANG_WARN_BOOL_CONVERSION = YES;
				CLANG_WARN_COMMA = YES;
				CLANG_WARN_CONSTANT_CONVERSION = YES;
				CLANG_WARN_DEPRECATED_OBJC_IMPLEMENTATIONS = YES;
				CLANG_WARN_DIRECT_OBJC_ISA_USAGE = YES_ERROR;
				CLANG_WARN_DOCUMENTATION_COMMENTS = YES;
				CLANG_WARN_EMPTY_BODY = YES;
				CLANG_WARN_ENUM_CONVERSION = YES;
				CLANG_WARN_INFINITE_RECURSION = YES;
				CLANG_WARN_INT_CONVERSION = YES;
				CLANG_WARN_NON_LITERAL_NULL_CONVERSION = YES;
				CLANG_WARN_OBJC_IMPLICIT_RETAIN_SELF = YES;
				CLANG_WARN_OBJC_LITERAL_CONVERSION = YES;
				CLANG_WARN_OBJC_ROOT_CLASS = YES_ERROR;
				CLANG_WARN_RANGE_LOOP_ANALYSIS = YES;
				CLANG_WARN_STRICT_PROTOTYPES = YES;
				CLANG_WARN_SUSPICIOUS_MOVE = YES;
				CLANG_WARN_UNGUARDED_AVAILABILITY = YES_AGGRESSIVE;
				CLANG_WARN_UNREACHABLE_CODE = YES;
				CLANG_WARN__DUPLICATE_METHOD_MATCH = YES;
				CODE_SIGN_IDENTITY = "iPhone Developer";
				COPY_PHASE_STRIP = NO;
				DEBUG_INFORMATION_FORMAT = dwarf;
				ENABLE_STRICT_OBJC_MSGSEND = YES;
				ENABLE_TESTABILITY = YES;
				GCC_C_LANGUAGE_STANDARD = gnu11;
				GCC_DYNAMIC_NO_PIC = NO;
				GCC_NO_COMMON_BLOCKS = YES;
				GCC_OPTIMIZATION_LEVEL = 0;
				GCC_PREPROCESSOR_DEFINITIONS = (
					"DEBUG=1",
					"$(inherited)",
				);
				GCC_WARN_64_TO_32_BIT_CONVERSION = YES;
				GCC_WARN_ABOUT_RETURN_TYPE = YES_ERROR;
				GCC_WARN_UNDECLARED_SELECTOR = YES;
				GCC_WARN_UNINITIALIZED_AUTOS = YES_AGGRESSIVE;
				GCC_WARN_UNUSED_FUNCTION = YES;
				GCC_WARN_UNUSED_VARIABLE = YES;
				IPHONEOS_DEPLOYMENT_TARGET = 12.2;
				MTL_ENABLE_DEBUG_INFO = INCLUDE_SOURCE;
				MTL_FAST_MATH = YES;
				ONLY_ACTIVE_ARCH = YES;
				SDKROOT = iphoneos;
				SWIFT_ACTIVE_COMPILATION_CONDITIONS = DEBUG;
				SWIFT_OPTIMIZATION_LEVEL = "-Onone";
			};
			name = Debug;
		};
		ACAAFF0F225B6DD800CD67D3 /* Release */ = {
			isa = XCBuildConfiguration;
			buildSettings = {
				ALWAYS_SEARCH_USER_PATHS = NO;
				CLANG_ANALYZER_NONNULL = YES;
				CLANG_ANALYZER_NUMBER_OBJECT_CONVERSION = YES_AGGRESSIVE;
				CLANG_CXX_LANGUAGE_STANDARD = "gnu++14";
				CLANG_CXX_LIBRARY = "libc++";
				CLANG_ENABLE_MODULES = YES;
				CLANG_ENABLE_OBJC_ARC = YES;
				CLANG_ENABLE_OBJC_WEAK = YES;
				CLANG_WARN_BLOCK_CAPTURE_AUTORELEASING = YES;
				CLANG_WARN_BOOL_CONVERSION = YES;
				CLANG_WARN_COMMA = YES;
				CLANG_WARN_CONSTANT_CONVERSION = YES;
				CLANG_WARN_DEPRECATED_OBJC_IMPLEMENTATIONS = YES;
				CLANG_WARN_DIRECT_OBJC_ISA_USAGE = YES_ERROR;
				CLANG_WARN_DOCUMENTATION_COMMENTS = YES;
				CLANG_WARN_EMPTY_BODY = YES;
				CLANG_WARN_ENUM_CONVERSION = YES;
				CLANG_WARN_INFINITE_RECURSION = YES;
				CLANG_WARN_INT_CONVERSION = YES;
				CLANG_WARN_NON_LITERAL_NULL_CONVERSION = YES;
				CLANG_WARN_OBJC_IMPLICIT_RETAIN_SELF = YES;
				CLANG_WARN_OBJC_LITERAL_CONVERSION = YES;
				CLANG_WARN_OBJC_ROOT_CLASS = YES_ERROR;
				CLANG_WARN_RANGE_LOOP_ANALYSIS = YES;
				CLANG_WARN_STRICT_PROTOTYPES = YES;
				CLANG_WARN_SUSPICIOUS_MOVE = YES;
				CLANG_WARN_UNGUARDED_AVAILABILITY = YES_AGGRESSIVE;
				CLANG_WARN_UNREACHABLE_CODE = YES;
				CLANG_WARN__DUPLICATE_METHOD_MATCH = YES;
				CODE_SIGN_IDENTITY = "iPhone Developer";
				COPY_PHASE_STRIP = NO;
				DEBUG_INFORMATION_FORMAT = "dwarf-with-dsym";
				ENABLE_NS_ASSERTIONS = NO;
				ENABLE_STRICT_OBJC_MSGSEND = YES;
				GCC_C_LANGUAGE_STANDARD = gnu11;
				GCC_NO_COMMON_BLOCKS = YES;
				GCC_WARN_64_TO_32_BIT_CONVERSION = YES;
				GCC_WARN_ABOUT_RETURN_TYPE = YES_ERROR;
				GCC_WARN_UNDECLARED_SELECTOR = YES;
				GCC_WARN_UNINITIALIZED_AUTOS = YES_AGGRESSIVE;
				GCC_WARN_UNUSED_FUNCTION = YES;
				GCC_WARN_UNUSED_VARIABLE = YES;
				IPHONEOS_DEPLOYMENT_TARGET = 12.2;
				MTL_ENABLE_DEBUG_INFO = NO;
				MTL_FAST_MATH = YES;
				SDKROOT = iphoneos;
				SWIFT_COMPILATION_MODE = wholemodule;
				SWIFT_OPTIMIZATION_LEVEL = "-O";
				VALIDATE_PRODUCT = YES;
			};
			name = Release;
		};
		ACAAFF11225B6DD800CD67D3 /* Debug */ = {
			isa = XCBuildConfiguration;
			buildSettings = {
				ASSETCATALOG_COMPILER_APPICON_NAME = AppIcon;
				CODE_SIGN_STYLE = Automatic;
				DEVELOPMENT_TEAM = JY49624W8T;
				INFOPLIST_FILE = "Awesome Auto Layout/Info.plist";
				LD_RUNPATH_SEARCH_PATHS = (
					"$(inherited)",
					"@executable_path/Frameworks",
				);
				PRODUCT_BUNDLE_IDENTIFIER = "com.stefanblos.Awesome-Auto-Layout";
				PRODUCT_NAME = "$(TARGET_NAME)";
				SWIFT_VERSION = 5.0;
				TARGETED_DEVICE_FAMILY = "1,2";
			};
			name = Debug;
		};
		ACAAFF12225B6DD800CD67D3 /* Release */ = {
			isa = XCBuildConfiguration;
			buildSettings = {
				ASSETCATALOG_COMPILER_APPICON_NAME = AppIcon;
				CODE_SIGN_STYLE = Automatic;
				DEVELOPMENT_TEAM = JY49624W8T;
				INFOPLIST_FILE = "Awesome Auto Layout/Info.plist";
				LD_RUNPATH_SEARCH_PATHS = (
					"$(inherited)",
					"@executable_path/Frameworks",
				);
				PRODUCT_BUNDLE_IDENTIFIER = "com.stefanblos.Awesome-Auto-Layout";
				PRODUCT_NAME = "$(TARGET_NAME)";
				SWIFT_VERSION = 5.0;
				TARGETED_DEVICE_FAMILY = "1,2";
			};
			name = Release;
		};
/* End XCBuildConfiguration section */

/* Begin XCConfigurationList section */
		ACAAFEF9225B6DD700CD67D3 /* Build configuration list for PBXProject "Awesome Auto Layout" */ = {
			isa = XCConfigurationList;
			buildConfigurations = (
				ACAAFF0E225B6DD800CD67D3 /* Debug */,
				ACAAFF0F225B6DD800CD67D3 /* Release */,
			);
			defaultConfigurationIsVisible = 0;
			defaultConfigurationName = Release;
		};
		ACAAFF10225B6DD800CD67D3 /* Build configuration list for PBXNativeTarget "Awesome Auto Layout" */ = {
			isa = XCConfigurationList;
			buildConfigurations = (
				ACAAFF11225B6DD800CD67D3 /* Debug */,
				ACAAFF12225B6DD800CD67D3 /* Release */,
			);
			defaultConfigurationIsVisible = 0;
			defaultConfigurationName = Release;
		};
/* End XCConfigurationList section */
	};
	rootObject = ACAAFEF6225B6DD700CD67D3 /* Project object */;
}
