// !$*UTF8*$!
{
	archiveVersion = 1;
	classes = {
	};
	objectVersion = 50;
	objects = {

/* Begin PBXBuildFile section */
		ACF8A4E92271A91D003D9CB0 /* AppDelegate.swift in Sources */ = {isa = PBXBuildFile; fileRef = ACF8A4E82271A91D003D9CB0 /* AppDelegate.swift */; };
		ACF8A4EB2271A91D003D9CB0 /* GameScene.sks in Resources */ = {isa = PBXBuildFile; fileRef = ACF8A4EA2271A91D003D9CB0 /* GameScene.sks */; };
		ACF8A4EF2271A91D003D9CB0 /* GameScene.swift in Sources */ = {isa = PBXBuildFile; fileRef = ACF8A4EE2271A91D003D9CB0 /* GameScene.swift */; };
		ACF8A4F12271A91D003D9CB0 /* GameViewController.swift in Sources */ = {isa = PBXBuildFile; fileRef = ACF8A4F02271A91D003D9CB0 /* GameViewController.swift */; };
		ACF8A4F42271A91D003D9CB0 /* Main.storyboard in Resources */ = {isa = PBXBuildFile; fileRef = ACF8A4F22271A91D003D9CB0 /* Main.storyboard */; };
		ACF8A4F62271A91F003D9CB0 /* Assets.xcassets in Resources */ = {isa = PBXBuildFile; fileRef = ACF8A4F52271A91F003D9CB0 /* Assets.xcassets */; };
		ACF8A4F92271A91F003D9CB0 /* LaunchScreen.storyboard in Resources */ = {isa = PBXBuildFile; fileRef = ACF8A4F72271A91F003D9CB0 /* LaunchScreen.storyboard */; };
		ACF8A51D2271AD5E003D9CB0 /* ballGrey.png in Resources */ = {isa = PBXBuildFile; fileRef = ACF8A5012271AD5E003D9CB0 /* ballGrey.png */; };
		ACF8A51E2271AD5E003D9CB0 /* FireParticles.sks in Resources */ = {isa = PBXBuildFile; fileRef = ACF8A5022271AD5E003D9CB0 /* FireParticles.sks */; };
		ACF8A51F2271AD5E003D9CB0 /* ballBlue@2x.png in Resources */ = {isa = PBXBuildFile; fileRef = ACF8A5032271AD5E003D9CB0 /* ballBlue@2x.png */; };
		ACF8A5202271AD5E003D9CB0 /* slotGlowBad@2x.png in Resources */ = {isa = PBXBuildFile; fileRef = ACF8A5042271AD5E003D9CB0 /* slotGlowBad@2x.png */; };
		ACF8A5212271AD5E003D9CB0 /* ballPurple.png in Resources */ = {isa = PBXBuildFile; fileRef = ACF8A5052271AD5E003D9CB0 /* ballPurple.png */; };
		ACF8A5222271AD5E003D9CB0 /* ballYellow@2x.png in Resources */ = {isa = PBXBuildFile; fileRef = ACF8A5062271AD5E003D9CB0 /* ballYellow@2x.png */; };
		ACF8A5232271AD5E003D9CB0 /* ballRed.png in Resources */ = {isa = PBXBuildFile; fileRef = ACF8A5072271AD5E003D9CB0 /* ballRed.png */; };
		ACF8A5242271AD5E003D9CB0 /* slotBaseGood@2x.png in Resources */ = {isa = PBXBuildFile; fileRef = ACF8A5082271AD5E003D9CB0 /* slotBaseGood@2x.png */; };
		ACF8A5252271AD5E003D9CB0 /* ballPurple@2x.png in Resources */ = {isa = PBXBuildFile; fileRef = ACF8A5092271AD5E003D9CB0 /* ballPurple@2x.png */; };
		ACF8A5262271AD5E003D9CB0 /* slotBaseBad.png in Resources */ = {isa = PBXBuildFile; fileRef = ACF8A50A2271AD5E003D9CB0 /* slotBaseBad.png */; };
		ACF8A5272271AD5E003D9CB0 /* slotBaseBad@2x.png in Resources */ = {isa = PBXBuildFile; fileRef = ACF8A50B2271AD5E003D9CB0 /* slotBaseBad@2x.png */; };
		ACF8A5282271AD5E003D9CB0 /* ballGrey@2x.png in Resources */ = {isa = PBXBuildFile; fileRef = ACF8A50C2271AD5E003D9CB0 /* ballGrey@2x.png */; };
		ACF8A5292271AD5E003D9CB0 /* spark.png in Resources */ = {isa = PBXBuildFile; fileRef = ACF8A50D2271AD5E003D9CB0 /* spark.png */; };
		ACF8A52A2271AD5E003D9CB0 /* bouncer@2x.png in Resources */ = {isa = PBXBuildFile; fileRef = ACF8A50E2271AD5E003D9CB0 /* bouncer@2x.png */; };
		ACF8A52B2271AD5E003D9CB0 /* slotGlowGood.png in Resources */ = {isa = PBXBuildFile; fileRef = ACF8A50F2271AD5E003D9CB0 /* slotGlowGood.png */; };
		ACF8A52C2271AD5E003D9CB0 /* slotGlowGood@2x.png in Resources */ = {isa = PBXBuildFile; fileRef = ACF8A5102271AD5E003D9CB0 /* slotGlowGood@2x.png */; };
		ACF8A52D2271AD5E003D9CB0 /* slotBaseGood.png in Resources */ = {isa = PBXBuildFile; fileRef = ACF8A5112271AD5E003D9CB0 /* slotBaseGood.png */; };
		ACF8A52E2271AD5E003D9CB0 /* background.jpg in Resources */ = {isa = PBXBuildFile; fileRef = ACF8A5122271AD5E003D9CB0 /* background.jpg */; };
		ACF8A52F2271AD5E003D9CB0 /* ballCyan.png in Resources */ = {isa = PBXBuildFile; fileRef = ACF8A5132271AD5E003D9CB0 /* ballCyan.png */; };
		ACF8A5302271AD5E003D9CB0 /* ballRed@2x.png in Resources */ = {isa = PBXBuildFile; fileRef = ACF8A5142271AD5E003D9CB0 /* ballRed@2x.png */; };
		ACF8A5312271AD5E003D9CB0 /* slotGlowBad.png in Resources */ = {isa = PBXBuildFile; fileRef = ACF8A5152271AD5E003D9CB0 /* slotGlowBad.png */; };
		ACF8A5322271AD5E003D9CB0 /* ballCyan@2x.png in Resources */ = {isa = PBXBuildFile; fileRef = ACF8A5162271AD5E003D9CB0 /* ballCyan@2x.png */; };
		ACF8A5332271AD5E003D9CB0 /* ballYellow.png in Resources */ = {isa = PBXBuildFile; fileRef = ACF8A5172271AD5E003D9CB0 /* ballYellow.png */; };
		ACF8A5342271AD5E003D9CB0 /* background@2x.jpg in Resources */ = {isa = PBXBuildFile; fileRef = ACF8A5182271AD5E003D9CB0 /* background@2x.jpg */; };
		ACF8A5352271AD5E003D9CB0 /* ballGreen@2x.png in Resources */ = {isa = PBXBuildFile; fileRef = ACF8A5192271AD5E003D9CB0 /* ballGreen@2x.png */; };
		ACF8A5362271AD5E003D9CB0 /* ballGreen.png in Resources */ = {isa = PBXBuildFile; fileRef = ACF8A51A2271AD5E003D9CB0 /* ballGreen.png */; };
		ACF8A5372271AD5E003D9CB0 /* bouncer.png in Resources */ = {isa = PBXBuildFile; fileRef = ACF8A51B2271AD5E003D9CB0 /* bouncer.png */; };
		ACF8A5382271AD5E003D9CB0 /* ballBlue.png in Resources */ = {isa = PBXBuildFile; fileRef = ACF8A51C2271AD5E003D9CB0 /* ballBlue.png */; };
/* End PBXBuildFile section */

/* Begin PBXFileReference section */
		ACF8A4E52271A91D003D9CB0 /* Pachinko.app */ = {isa = PBXFileReference; explicitFileType = wrapper.application; includeInIndex = 0; path = Pachinko.app; sourceTree = BUILT_PRODUCTS_DIR; };
		ACF8A4E82271A91D003D9CB0 /* AppDelegate.swift */ = {isa = PBXFileReference; lastKnownFileType = sourcecode.swift; path = AppDelegate.swift; sourceTree = "<group>"; };
		ACF8A4EA2271A91D003D9CB0 /* GameScene.sks */ = {isa = PBXFileReference; lastKnownFileType = file.sks; path = GameScene.sks; sourceTree = "<group>"; };
		ACF8A4EE2271A91D003D9CB0 /* GameScene.swift */ = {isa = PBXFileReference; lastKnownFileType = sourcecode.swift; path = GameScene.swift; sourceTree = "<group>"; };
		ACF8A4F02271A91D003D9CB0 /* GameViewController.swift */ = {isa = PBXFileReference; lastKnownFileType = sourcecode.swift; path = GameViewController.swift; sourceTree = "<group>"; };
		ACF8A4F32271A91D003D9CB0 /* Base */ = {isa = PBXFileReference; lastKnownFileType = file.storyboard; name = Base; path = Base.lproj/Main.storyboard; sourceTree = "<group>"; };
		ACF8A4F52271A91F003D9CB0 /* Assets.xcassets */ = {isa = PBXFileReference; lastKnownFileType = folder.assetcatalog; path = Assets.xcassets; sourceTree = "<group>"; };
		ACF8A4F82271A91F003D9CB0 /* Base */ = {isa = PBXFileReference; lastKnownFileType = file.storyboard; name = Base; path = Base.lproj/LaunchScreen.storyboard; sourceTree = "<group>"; };
		ACF8A4FA2271A91F003D9CB0 /* Info.plist */ = {isa = PBXFileReference; lastKnownFileType = text.plist.xml; path = Info.plist; sourceTree = "<group>"; };
		ACF8A5012271AD5E003D9CB0 /* ballGrey.png */ = {isa = PBXFileReference; lastKnownFileType = image.png; path = ballGrey.png; sourceTree = "<group>"; };
		ACF8A5022271AD5E003D9CB0 /* FireParticles.sks */ = {isa = PBXFileReference; lastKnownFileType = file.sks; path = FireParticles.sks; sourceTree = "<group>"; };
		ACF8A5032271AD5E003D9CB0 /* ballBlue@2x.png */ = {isa = PBXFileReference; lastKnownFileType = image.png; path = "ballBlue@2x.png"; sourceTree = "<group>"; };
		ACF8A5042271AD5E003D9CB0 /* slotGlowBad@2x.png */ = {isa = PBXFileReference; lastKnownFileType = image.png; path = "slotGlowBad@2x.png"; sourceTree = "<group>"; };
		ACF8A5052271AD5E003D9CB0 /* ballPurple.png */ = {isa = PBXFileReference; lastKnownFileType = image.png; path = ballPurple.png; sourceTree = "<group>"; };
		ACF8A5062271AD5E003D9CB0 /* ballYellow@2x.png */ = {isa = PBXFileReference; lastKnownFileType = image.png; path = "ballYellow@2x.png"; sourceTree = "<group>"; };
		ACF8A5072271AD5E003D9CB0 /* ballRed.png */ = {isa = PBXFileReference; lastKnownFileType = image.png; path = ballRed.png; sourceTree = "<group>"; };
		ACF8A5082271AD5E003D9CB0 /* slotBaseGood@2x.png */ = {isa = PBXFileReference; lastKnownFileType = image.png; path = "slotBaseGood@2x.png"; sourceTree = "<group>"; };
		ACF8A5092271AD5E003D9CB0 /* ballPurple@2x.png */ = {isa = PBXFileReference; lastKnownFileType = image.png; path = "ballPurple@2x.png"; sourceTree = "<group>"; };
		ACF8A50A2271AD5E003D9CB0 /* slotBaseBad.png */ = {isa = PBXFileReference; lastKnownFileType = image.png; path = slotBaseBad.png; sourceTree = "<group>"; };
		ACF8A50B2271AD5E003D9CB0 /* slotBaseBad@2x.png */ = {isa = PBXFileReference; lastKnownFileType = image.png; path = "slotBaseBad@2x.png"; sourceTree = "<group>"; };
		ACF8A50C2271AD5E003D9CB0 /* ballGrey@2x.png */ = {isa = PBXFileReference; lastKnownFileType = image.png; path = "ballGrey@2x.png"; sourceTree = "<group>"; };
		ACF8A50D2271AD5E003D9CB0 /* spark.png */ = {isa = PBXFileReference; lastKnownFileType = image.png; path = spark.png; sourceTree = "<group>"; };
		ACF8A50E2271AD5E003D9CB0 /* bouncer@2x.png */ = {isa = PBXFileReference; lastKnownFileType = image.png; path = "bouncer@2x.png"; sourceTree = "<group>"; };
		ACF8A50F2271AD5E003D9CB0 /* slotGlowGood.png */ = {isa = PBXFileReference; lastKnownFileType = image.png; path = slotGlowGood.png; sourceTree = "<group>"; };
		ACF8A5102271AD5E003D9CB0 /* slotGlowGood@2x.png */ = {isa = PBXFileReference; lastKnownFileType = image.png; path = "slotGlowGood@2x.png"; sourceTree = "<group>"; };
		ACF8A5112271AD5E003D9CB0 /* slotBaseGood.png */ = {isa = PBXFileReference; lastKnownFileType = image.png; path = slotBaseGood.png; sourceTree = "<group>"; };
		ACF8A5122271AD5E003D9CB0 /* background.jpg */ = {isa = PBXFileReference; lastKnownFileType = image.jpeg; path = background.jpg; sourceTree = "<group>"; };
		ACF8A5132271AD5E003D9CB0 /* ballCyan.png */ = {isa = PBXFileReference; lastKnownFileType = image.png; path = ballCyan.png; sourceTree = "<group>"; };
		ACF8A5142271AD5E003D9CB0 /* ballRed@2x.png */ = {isa = PBXFileReference; lastKnownFileType = image.png; path = "ballRed@2x.png"; sourceTree = "<group>"; };
		ACF8A5152271AD5E003D9CB0 /* slotGlowBad.png */ = {isa = PBXFileReference; lastKnownFileType = image.png; path = slotGlowBad.png; sourceTree = "<group>"; };
		ACF8A5162271AD5E003D9CB0 /* ballCyan@2x.png */ = {isa = PBXFileReference; lastKnownFileType = image.png; path = "ballCyan@2x.png"; sourceTree = "<group>"; };
		ACF8A5172271AD5E003D9CB0 /* ballYellow.png */ = {isa = PBXFileReference; lastKnownFileType = image.png; path = ballYellow.png; sourceTree = "<group>"; };
		ACF8A5182271AD5E003D9CB0 /* background@2x.jpg */ = {isa = PBXFileReference; lastKnownFileType = image.jpeg; path = "background@2x.jpg"; sourceTree = "<group>"; };
		ACF8A5192271AD5E003D9CB0 /* ballGreen@2x.png */ = {isa = PBXFileReference; lastKnownFileType = image.png; path = "ballGreen@2x.png"; sourceTree = "<group>"; };
		ACF8A51A2271AD5E003D9CB0 /* ballGreen.png */ = {isa = PBXFileReference; lastKnownFileType = image.png; path = ballGreen.png; sourceTree = "<group>"; };
		ACF8A51B2271AD5E003D9CB0 /* bouncer.png */ = {isa = PBXFileReference; lastKnownFileType = image.png; path = bouncer.png; sourceTree = "<group>"; };
		ACF8A51C2271AD5E003D9CB0 /* ballBlue.png */ = {isa = PBXFileReference; lastKnownFileType = image.png; path = ballBlue.png; sourceTree = "<group>"; };
/* End PBXFileReference section */

/* Begin PBXFrameworksBuildPhase section */
		ACF8A4E22271A91D003D9CB0 /* Frameworks */ = {
			isa = PBXFrameworksBuildPhase;
			buildActionMask = 2147483647;
			files = (
			);
			runOnlyForDeploymentPostprocessing = 0;
		};
/* End PBXFrameworksBuildPhase section */

/* Begin PBXGroup section */
		ACF8A4DC2271A91D003D9CB0 = {
			isa = PBXGroup;
			children = (
				ACF8A4E72271A91D003D9CB0 /* Pachinko */,
				ACF8A4E62271A91D003D9CB0 /* Products */,
			);
			sourceTree = "<group>";
		};
		ACF8A4E62271A91D003D9CB0 /* Products */ = {
			isa = PBXGroup;
			children = (
				ACF8A4E52271A91D003D9CB0 /* Pachinko.app */,
			);
			name = Products;
			sourceTree = "<group>";
		};
		ACF8A4E72271A91D003D9CB0 /* Pachinko */ = {
			isa = PBXGroup;
			children = (
				ACF8A4E82271A91D003D9CB0 /* AppDelegate.swift */,
				ACF8A4EA2271A91D003D9CB0 /* GameScene.sks */,
				ACF8A4EE2271A91D003D9CB0 /* GameScene.swift */,
				ACF8A4F02271A91D003D9CB0 /* GameViewController.swift */,
				ACF8A4F22271A91D003D9CB0 /* Main.storyboard */,
				ACF8A4F52271A91F003D9CB0 /* Assets.xcassets */,
				ACF8A5002271AD5E003D9CB0 /* Content */,
				ACF8A4F72271A91F003D9CB0 /* LaunchScreen.storyboard */,
				ACF8A4FA2271A91F003D9CB0 /* Info.plist */,
			);
			path = Pachinko;
			sourceTree = "<group>";
		};
		ACF8A5002271AD5E003D9CB0 /* Content */ = {
			isa = PBXGroup;
			children = (
				ACF8A5012271AD5E003D9CB0 /* ballGrey.png */,
				ACF8A5022271AD5E003D9CB0 /* FireParticles.sks */,
				ACF8A5032271AD5E003D9CB0 /* ballBlue@2x.png */,
				ACF8A5042271AD5E003D9CB0 /* slotGlowBad@2x.png */,
				ACF8A5052271AD5E003D9CB0 /* ballPurple.png */,
				ACF8A5062271AD5E003D9CB0 /* ballYellow@2x.png */,
				ACF8A5072271AD5E003D9CB0 /* ballRed.png */,
				ACF8A5082271AD5E003D9CB0 /* slotBaseGood@2x.png */,
				ACF8A5092271AD5E003D9CB0 /* ballPurple@2x.png */,
				ACF8A50A2271AD5E003D9CB0 /* slotBaseBad.png */,
				ACF8A50B2271AD5E003D9CB0 /* slotBaseBad@2x.png */,
				ACF8A50C2271AD5E003D9CB0 /* ballGrey@2x.png */,
				ACF8A50D2271AD5E003D9CB0 /* spark.png */,
				ACF8A50E2271AD5E003D9CB0 /* bouncer@2x.png */,
				ACF8A50F2271AD5E003D9CB0 /* slotGlowGood.png */,
				ACF8A5102271AD5E003D9CB0 /* slotGlowGood@2x.png */,
				ACF8A5112271AD5E003D9CB0 /* slotBaseGood.png */,
				ACF8A5122271AD5E003D9CB0 /* background.jpg */,
				ACF8A5132271AD5E003D9CB0 /* ballCyan.png */,
				ACF8A5142271AD5E003D9CB0 /* ballRed@2x.png */,
				ACF8A5152271AD5E003D9CB0 /* slotGlowBad.png */,
				ACF8A5162271AD5E003D9CB0 /* ballCyan@2x.png */,
				ACF8A5172271AD5E003D9CB0 /* ballYellow.png */,
				ACF8A5182271AD5E003D9CB0 /* background@2x.jpg */,
				ACF8A5192271AD5E003D9CB0 /* ballGreen@2x.png */,
				ACF8A51A2271AD5E003D9CB0 /* ballGreen.png */,
				ACF8A51B2271AD5E003D9CB0 /* bouncer.png */,
				ACF8A51C2271AD5E003D9CB0 /* ballBlue.png */,
			);
			path = Content;
			sourceTree = "<group>";
		};
/* End PBXGroup section */

/* Begin PBXNativeTarget section */
		ACF8A4E42271A91D003D9CB0 /* Pachinko */ = {
			isa = PBXNativeTarget;
			buildConfigurationList = ACF8A4FD2271A91F003D9CB0 /* Build configuration list for PBXNativeTarget "Pachinko" */;
			buildPhases = (
				ACF8A4E12271A91D003D9CB0 /* Sources */,
				ACF8A4E22271A91D003D9CB0 /* Frameworks */,
				ACF8A4E32271A91D003D9CB0 /* Resources */,
			);
			buildRules = (
			);
			dependencies = (
			);
			name = Pachinko;
			productName = Pachinko;
			productReference = ACF8A4E52271A91D003D9CB0 /* Pachinko.app */;
			productType = "com.apple.product-type.application";
		};
/* End PBXNativeTarget section */

/* Begin PBXProject section */
		ACF8A4DD2271A91D003D9CB0 /* Project object */ = {
			isa = PBXProject;
			attributes = {
				LastSwiftUpdateCheck = 1020;
				LastUpgradeCheck = 1020;
				ORGANIZATIONNAME = "Stefan Blos";
				TargetAttributes = {
					ACF8A4E42271A91D003D9CB0 = {
						CreatedOnToolsVersion = 10.2.1;
					};
				};
			};
			buildConfigurationList = ACF8A4E02271A91D003D9CB0 /* Build configuration list for PBXProject "Pachinko" */;
			compatibilityVersion = "Xcode 9.3";
			developmentRegion = en;
			hasScannedForEncodings = 0;
			knownRegions = (
				en,
				Base,
			);
			mainGroup = ACF8A4DC2271A91D003D9CB0;
			productRefGroup = ACF8A4E62271A91D003D9CB0 /* Products */;
			projectDirPath = "";
			projectRoot = "";
			targets = (
				ACF8A4E42271A91D003D9CB0 /* Pachinko */,
			);
		};
/* End PBXProject section */

/* Begin PBXResourcesBuildPhase section */
		ACF8A4E32271A91D003D9CB0 /* Resources */ = {
			isa = PBXResourcesBuildPhase;
			buildActionMask = 2147483647;
			files = (
				ACF8A52C2271AD5E003D9CB0 /* slotGlowGood@2x.png in Resources */,
				ACF8A5312271AD5E003D9CB0 /* slotGlowBad.png in Resources */,
				ACF8A5382271AD5E003D9CB0 /* ballBlue.png in Resources */,
				ACF8A5302271AD5E003D9CB0 /* ballRed@2x.png in Resources */,
				ACF8A51F2271AD5E003D9CB0 /* ballBlue@2x.png in Resources */,
				ACF8A5372271AD5E003D9CB0 /* bouncer.png in Resources */,
				ACF8A5202271AD5E003D9CB0 /* slotGlowBad@2x.png in Resources */,
				ACF8A4F42271A91D003D9CB0 /* Main.storyboard in Resources */,
				ACF8A5252271AD5E003D9CB0 /* ballPurple@2x.png in Resources */,
				ACF8A5232271AD5E003D9CB0 /* ballRed.png in Resources */,
				ACF8A5272271AD5E003D9CB0 /* slotBaseBad@2x.png in Resources */,
				ACF8A5332271AD5E003D9CB0 /* ballYellow.png in Resources */,
				ACF8A5362271AD5E003D9CB0 /* ballGreen.png in Resources */,
				ACF8A5342271AD5E003D9CB0 /* background@2x.jpg in Resources */,
				ACF8A51D2271AD5E003D9CB0 /* ballGrey.png in Resources */,
				ACF8A5352271AD5E003D9CB0 /* ballGreen@2x.png in Resources */,
				ACF8A5212271AD5E003D9CB0 /* ballPurple.png in Resources */,
				ACF8A52E2271AD5E003D9CB0 /* background.jpg in Resources */,
				ACF8A52B2271AD5E003D9CB0 /* slotGlowGood.png in Resources */,
				ACF8A5222271AD5E003D9CB0 /* ballYellow@2x.png in Resources */,
				ACF8A5322271AD5E003D9CB0 /* ballCyan@2x.png in Resources */,
				ACF8A52A2271AD5E003D9CB0 /* bouncer@2x.png in Resources */,
				ACF8A5262271AD5E003D9CB0 /* slotBaseBad.png in Resources */,
				ACF8A4EB2271A91D003D9CB0 /* GameScene.sks in Resources */,
				ACF8A52F2271AD5E003D9CB0 /* ballCyan.png in Resources */,
				ACF8A51E2271AD5E003D9CB0 /* FireParticles.sks in Resources */,
				ACF8A4F62271A91F003D9CB0 /* Assets.xcassets in Resources */,
				ACF8A5242271AD5E003D9CB0 /* slotBaseGood@2x.png in Resources */,
				ACF8A5282271AD5E003D9CB0 /* ballGrey@2x.png in Resources */,
				ACF8A4F92271A91F003D9CB0 /* LaunchScreen.storyboard in Resources */,
				ACF8A5292271AD5E003D9CB0 /* spark.png in Resources */,
				ACF8A52D2271AD5E003D9CB0 /* slotBaseGood.png in Resources */,
			);
			runOnlyForDeploymentPostprocessing = 0;
		};
/* End PBXResourcesBuildPhase section */

/* Begin PBXSourcesBuildPhase section */
		ACF8A4E12271A91D003D9CB0 /* Sources */ = {
			isa = PBXSourcesBuildPhase;
			buildActionMask = 2147483647;
			files = (
				ACF8A4EF2271A91D003D9CB0 /* GameScene.swift in Sources */,
				ACF8A4F12271A91D003D9CB0 /* GameViewController.swift in Sources */,
				ACF8A4E92271A91D003D9CB0 /* AppDelegate.swift in Sources */,
			);
			runOnlyForDeploymentPostprocessing = 0;
		};
/* End PBXSourcesBuildPhase section */

/* Begin PBXVariantGroup section */
		ACF8A4F22271A91D003D9CB0 /* Main.storyboard */ = {
			isa = PBXVariantGroup;
			children = (
				ACF8A4F32271A91D003D9CB0 /* Base */,
			);
			name = Main.storyboard;
			sourceTree = "<group>";
		};
		ACF8A4F72271A91F003D9CB0 /* LaunchScreen.storyboard */ = {
			isa = PBXVariantGroup;
			children = (
				ACF8A4F82271A91F003D9CB0 /* Base */,
			);
			name = LaunchScreen.storyboard;
			sourceTree = "<group>";
		};
/* End PBXVariantGroup section */

/* Begin XCBuildConfiguration section */
		ACF8A4FB2271A91F003D9CB0 /* Debug */ = {
			isa = XCBuildConfiguration;
			buildSettings = {
				ALWAYS_SEARCH_USER_PATHS = NO;
				CLANG_ANALYZER_NONNULL = YES;
				CLANG_ANALYZER_NUMBER_OBJECT_CONVERSION = YES_AGGRESSIVE;
				CLANG_CXX_LANGUAGE_STANDARD = "gnu++14";
				CLANG_CXX_LIBRARY = "libc++";
				CLANG_ENABLE_MODULES = YES;
				CLANG_ENABLE_OBJC_ARC = YES;
				CLANG_ENABLE_OBJC_WEAK = YES;
				CLANG_WARN_BLOCK_CAPTURE_AUTORELEASING = YES;
				CLANG_WARN_BOOL_CONVERSION = YES;
				CLANG_WARN_COMMA = YES;
				CLANG_WARN_CONSTANT_CONVERSION = YES;
				CLANG_WARN_DEPRECATED_OBJC_IMPLEMENTATIONS = YES;
				CLANG_WARN_DIRECT_OBJC_ISA_USAGE = YES_ERROR;
				CLANG_WARN_DOCUMENTATION_COMMENTS = YES;
				CLANG_WARN_EMPTY_BODY = YES;
				CLANG_WARN_ENUM_CONVERSION = YES;
				CLANG_WARN_INFINITE_RECURSION = YES;
				CLANG_WARN_INT_CONVERSION = YES;
				CLANG_WARN_NON_LITERAL_NULL_CONVERSION = YES;
				CLANG_WARN_OBJC_IMPLICIT_RETAIN_SELF = YES;
				CLANG_WARN_OBJC_LITERAL_CONVERSION = YES;
				CLANG_WARN_OBJC_ROOT_CLASS = YES_ERROR;
				CLANG_WARN_RANGE_LOOP_ANALYSIS = YES;
				CLANG_WARN_STRICT_PROTOTYPES = YES;
				CLANG_WARN_SUSPICIOUS_MOVE = YES;
				CLANG_WARN_UNGUARDED_AVAILABILITY = YES_AGGRESSIVE;
				CLANG_WARN_UNREACHABLE_CODE = YES;
				CLANG_WARN__DUPLICATE_METHOD_MATCH = YES;
				CODE_SIGN_IDENTITY = "iPhone Developer";
				COPY_PHASE_STRIP = NO;
				DEBUG_INFORMATION_FORMAT = dwarf;
				ENABLE_STRICT_OBJC_MSGSEND = YES;
				ENABLE_TESTABILITY = YES;
				GCC_C_LANGUAGE_STANDARD = gnu11;
				GCC_DYNAMIC_NO_PIC = NO;
				GCC_NO_COMMON_BLOCKS = YES;
				GCC_OPTIMIZATION_LEVEL = 0;
				GCC_PREPROCESSOR_DEFINITIONS = (
					"DEBUG=1",
					"$(inherited)",
				);
				GCC_WARN_64_TO_32_BIT_CONVERSION = YES;
				GCC_WARN_ABOUT_RETURN_TYPE = YES_ERROR;
				GCC_WARN_UNDECLARED_SELECTOR = YES;
				GCC_WARN_UNINITIALIZED_AUTOS = YES_AGGRESSIVE;
				GCC_WARN_UNUSED_FUNCTION = YES;
				GCC_WARN_UNUSED_VARIABLE = YES;
				IPHONEOS_DEPLOYMENT_TARGET = 12.2;
				MTL_ENABLE_DEBUG_INFO = INCLUDE_SOURCE;
				MTL_FAST_MATH = YES;
				ONLY_ACTIVE_ARCH = YES;
				SDKROOT = iphoneos;
				SWIFT_ACTIVE_COMPILATION_CONDITIONS = DEBUG;
				SWIFT_OPTIMIZATION_LEVEL = "-Onone";
			};
			name = Debug;
		};
		ACF8A4FC2271A91F003D9CB0 /* Release */ = {
			isa = XCBuildConfiguration;
			buildSettings = {
				ALWAYS_SEARCH_USER_PATHS = NO;
				CLANG_ANALYZER_NONNULL = YES;
				CLANG_ANALYZER_NUMBER_OBJECT_CONVERSION = YES_AGGRESSIVE;
				CLANG_CXX_LANGUAGE_STANDARD = "gnu++14";
				CLANG_CXX_LIBRARY = "libc++";
				CLANG_ENABLE_MODULES = YES;
				CLANG_ENABLE_OBJC_ARC = YES;
				CLANG_ENABLE_OBJC_WEAK = YES;
				CLANG_WARN_BLOCK_CAPTURE_AUTORELEASING = YES;
				CLANG_WARN_BOOL_CONVERSION = YES;
				CLANG_WARN_COMMA = YES;
				CLANG_WARN_CONSTANT_CONVERSION = YES;
				CLANG_WARN_DEPRECATED_OBJC_IMPLEMENTATIONS = YES;
				CLANG_WARN_DIRECT_OBJC_ISA_USAGE = YES_ERROR;
				CLANG_WARN_DOCUMENTATION_COMMENTS = YES;
				CLANG_WARN_EMPTY_BODY = YES;
				CLANG_WARN_ENUM_CONVERSION = YES;
				CLANG_WARN_INFINITE_RECURSION = YES;
				CLANG_WARN_INT_CONVERSION = YES;
				CLANG_WARN_NON_LITERAL_NULL_CONVERSION = YES;
				CLANG_WARN_OBJC_IMPLICIT_RETAIN_SELF = YES;
				CLANG_WARN_OBJC_LITERAL_CONVERSION = YES;
				CLANG_WARN_OBJC_ROOT_CLASS = YES_ERROR;
				CLANG_WARN_RANGE_LOOP_ANALYSIS = YES;
				CLANG_WARN_STRICT_PROTOTYPES = YES;
				CLANG_WARN_SUSPICIOUS_MOVE = YES;
				CLANG_WARN_UNGUARDED_AVAILABILITY = YES_AGGRESSIVE;
				CLANG_WARN_UNREACHABLE_CODE = YES;
				CLANG_WARN__DUPLICATE_METHOD_MATCH = YES;
				CODE_SIGN_IDENTITY = "iPhone Developer";
				COPY_PHASE_STRIP = NO;
				DEBUG_INFORMATION_FORMAT = "dwarf-with-dsym";
				ENABLE_NS_ASSERTIONS = NO;
				ENABLE_STRICT_OBJC_MSGSEND = YES;
				GCC_C_LANGUAGE_STANDARD = gnu11;
				GCC_NO_COMMON_BLOCKS = YES;
				GCC_WARN_64_TO_32_BIT_CONVERSION = YES;
				GCC_WARN_ABOUT_RETURN_TYPE = YES_ERROR;
				GCC_WARN_UNDECLARED_SELECTOR = YES;
				GCC_WARN_UNINITIALIZED_AUTOS = YES_AGGRESSIVE;
				GCC_WARN_UNUSED_FUNCTION = YES;
				GCC_WARN_UNUSED_VARIABLE = YES;
				IPHONEOS_DEPLOYMENT_TARGET = 12.2;
				MTL_ENABLE_DEBUG_INFO = NO;
				MTL_FAST_MATH = YES;
				SDKROOT = iphoneos;
				SWIFT_COMPILATION_MODE = wholemodule;
				SWIFT_OPTIMIZATION_LEVEL = "-O";
				VALIDATE_PRODUCT = YES;
			};
			name = Release;
		};
		ACF8A4FE2271A91F003D9CB0 /* Debug */ = {
			isa = XCBuildConfiguration;
			buildSettings = {
				ASSETCATALOG_COMPILER_APPICON_NAME = AppIcon;
				CODE_SIGN_STYLE = Automatic;
				DEVELOPMENT_TEAM = JY49624W8T;
				INFOPLIST_FILE = Pachinko/Info.plist;
				LD_RUNPATH_SEARCH_PATHS = (
					"$(inherited)",
					"@executable_path/Frameworks",
				);
				PRODUCT_BUNDLE_IDENTIFIER = com.stefanblos.Pachinko;
				PRODUCT_NAME = "$(TARGET_NAME)";
				SWIFT_VERSION = 5.0;
				TARGETED_DEVICE_FAMILY = "1,2";
			};
			name = Debug;
		};
		ACF8A4FF2271A91F003D9CB0 /* Release */ = {
			isa = XCBuildConfiguration;
			buildSettings = {
				ASSETCATALOG_COMPILER_APPICON_NAME = AppIcon;
				CODE_SIGN_STYLE = Automatic;
				DEVELOPMENT_TEAM = JY49624W8T;
				INFOPLIST_FILE = Pachinko/Info.plist;
				LD_RUNPATH_SEARCH_PATHS = (
					"$(inherited)",
					"@executable_path/Frameworks",
				);
				PRODUCT_BUNDLE_IDENTIFIER = com.stefanblos.Pachinko;
				PRODUCT_NAME = "$(TARGET_NAME)";
				SWIFT_VERSION = 5.0;
				TARGETED_DEVICE_FAMILY = "1,2";
			};
			name = Release;
		};
/* End XCBuildConfiguration section */

/* Begin XCConfigurationList section */
		ACF8A4E02271A91D003D9CB0 /* Build configuration list for PBXProject "Pachinko" */ = {
			isa = XCConfigurationList;
			buildConfigurations = (
				ACF8A4FB2271A91F003D9CB0 /* Debug */,
				ACF8A4FC2271A91F003D9CB0 /* Release */,
			);
			defaultConfigurationIsVisible = 0;
			defaultConfigurationName = Release;
		};
		ACF8A4FD2271A91F003D9CB0 /* Build configuration list for PBXNativeTarget "Pachinko" */ = {
			isa = XCConfigurationList;
			buildConfigurations = (
				ACF8A4FE2271A91F003D9CB0 /* Debug */,
				ACF8A4FF2271A91F003D9CB0 /* Release */,
			);
			defaultConfigurationIsVisible = 0;
			defaultConfigurationName = Release;
		};
/* End XCConfigurationList section */
	};
	rootObject = ACF8A4DD2271A91D003D9CB0 /* Project object */;
}
